// !$*UTF8*$!
{
	archiveVersion = 1;
	classes = {
	};
	objectVersion = 56;
	objects = {

/* Begin PBXBuildFile section */
		70027ABF2C577366002055A8 /* TamilLiterature.md in Resources */ = {isa = PBXBuildFile; fileRef = 70027ABE2C575E86002055A8 /* TamilLiterature.md */; };
		70027AC32C57769F002055A8 /* SangaIlakkiyam.md in Resources */ = {isa = PBXBuildFile; fileRef = 70027AC22C5774AA002055A8 /* SangaIlakkiyam.md */; };
		70027ACC2C578336002055A8 /* Idaikaala-Ilakkiyam.md in Resources */ = {isa = PBXBuildFile; fileRef = 70027ACA2C5781D7002055A8 /* Idaikaala-Ilakkiyam.md */; };
		70027ACD2C578336002055A8 /* Naveena-Yugam.md in Resources */ = {isa = PBXBuildFile; fileRef = 70027ACB2C578211002055A8 /* Naveena-Yugam.md */; };
		70027ACF2C579B0B002055A8 /* SangaIlakkiyaNoolkal.md in Resources */ = {isa = PBXBuildFile; fileRef = 70027ACE2C5799F1002055A8 /* SangaIlakkiyaNoolkal.md */; };
		7004A9932C6A1AE200E336EE /* TamilKeyboardPopupView.swift in Sources */ = {isa = PBXBuildFile; fileRef = 7004A9922C6A1AE200E336EE /* TamilKeyboardPopupView.swift */; };
		7004A9952C6A715100E336EE /* Launch Screen.storyboard in Resources */ = {isa = PBXBuildFile; fileRef = 7004A9942C6A715100E336EE /* Launch Screen.storyboard */; };
		70068B622C5DF7A5009543EB /* ThemeManager.swift in Sources */ = {isa = PBXBuildFile; fileRef = 70068B612C5DF7A5009543EB /* ThemeManager.swift */; };
		70068B642C5DFD18009543EB /* BookManager.swift in Sources */ = {isa = PBXBuildFile; fileRef = 70068B632C5DFD18009543EB /* BookManager.swift */; };
		70068B662C5DFF52009543EB /* BookTileView.swift in Sources */ = {isa = PBXBuildFile; fileRef = 70068B652C5DFF52009543EB /* BookTileView.swift */; };
		700920002C3BB1270049C60C /* PoemListWithCategoryView.swift in Sources */ = {isa = PBXBuildFile; fileRef = 70091FFF2C3BB1270049C60C /* PoemListWithCategoryView.swift */; };
		700920022C3BC14D0049C60C /* LoadingView.swift in Sources */ = {isa = PBXBuildFile; fileRef = 700920012C3BC14D0049C60C /* LoadingView.swift */; };
		700920042C3BCDFE0049C60C /* PoemListWithCategoryViewModel.swift in Sources */ = {isa = PBXBuildFile; fileRef = 700920032C3BCDFE0049C60C /* PoemListWithCategoryViewModel.swift */; };
		7010CCBF2C6CF0B400630A96 /* LastFiveViewedPoemsView.swift in Sources */ = {isa = PBXBuildFile; fileRef = 7010CCBE2C6CF0B400630A96 /* LastFiveViewedPoemsView.swift */; };
		701216102C667B580025CCB2 /* HapticFeedback.swift in Sources */ = {isa = PBXBuildFile; fileRef = 7012160F2C667B580025CCB2 /* HapticFeedback.swift */; };
		70160F6B2C0B20E20053B4A9 /* MainView.swift in Sources */ = {isa = PBXBuildFile; fileRef = 70160F6A2C0B20E20053B4A9 /* MainView.swift */; };
		701BFAD62C33B1C2008D2805 /* CategoryViewModel.swift in Sources */ = {isa = PBXBuildFile; fileRef = 701BFAD52C33B1C2008D2805 /* CategoryViewModel.swift */; };
		70206A6C2C4D421900B55EE6 /* PopupView in Frameworks */ = {isa = PBXBuildFile; productRef = 70206A6B2C4D421900B55EE6 /* PopupView */; };
		70206A6E2C4D566000B55EE6 /* BookSelectorView.swift in Sources */ = {isa = PBXBuildFile; fileRef = 70206A6D2C4D566000B55EE6 /* BookSelectorView.swift */; };
		70206A702C4D592400B55EE6 /* BookInfo.swift in Sources */ = {isa = PBXBuildFile; fileRef = 70206A6F2C4D592400B55EE6 /* BookInfo.swift */; };
		702240562B69653C00EF072B /* WrapView.swift in Sources */ = {isa = PBXBuildFile; fileRef = 702240552B69653C00EF072B /* WrapView.swift */; };
		702BCA552C313F1F0051D8C2 /* CoreDataManager.swift in Sources */ = {isa = PBXBuildFile; fileRef = 702BCA542C313F1F0051D8C2 /* CoreDataManager.swift */; };
		702DF7A82C5210A10037D0BD /* PoemScreenshotView.swift in Sources */ = {isa = PBXBuildFile; fileRef = 702DF7A72C5210A10037D0BD /* PoemScreenshotView.swift */; };
		702DF7AF2C527F0B0037D0BD /* SettingsView.swift in Sources */ = {isa = PBXBuildFile; fileRef = 702DF7AE2C527F0B0037D0BD /* SettingsView.swift */; };
		702DF7B12C5285890037D0BD /* AboutView.swift in Sources */ = {isa = PBXBuildFile; fileRef = 702DF7B02C5285890037D0BD /* AboutView.swift */; };
		703145382C6BD09800BA0059 /* AnalyticsManager.swift in Sources */ = {isa = PBXBuildFile; fileRef = 703145372C6BD09800BA0059 /* AnalyticsManager.swift */; };
		7031453B2C6BD10F00BA0059 /* TelemetryDeck in Frameworks */ = {isa = PBXBuildFile; productRef = 7031453A2C6BD10F00BA0059 /* TelemetryDeck */; };
		7038CCE22C688EA4001C9841 /* ExplanationView.swift in Sources */ = {isa = PBXBuildFile; fileRef = 7038CCE12C688EA4001C9841 /* ExplanationView.swift */; };
		703CD63B2C4E46E900509F46 /* BookDetailsView.swift in Sources */ = {isa = PBXBuildFile; fileRef = 703CD63A2C4E46E900509F46 /* BookDetailsView.swift */; };
		703CD63D2C4E470800509F46 /* BookDetailsViewModel.swift in Sources */ = {isa = PBXBuildFile; fileRef = 703CD63C2C4E470800509F46 /* BookDetailsViewModel.swift */; };
		703E18B52C458E890032298E /* SingleCategoryViewModel.swift in Sources */ = {isa = PBXBuildFile; fileRef = 703E18B42C458E890032298E /* SingleCategoryViewModel.swift */; };
		704641092C50F8B100447FF4 /* SaveAsImage.swift in Sources */ = {isa = PBXBuildFile; fileRef = 704641082C50F8B100447FF4 /* SaveAsImage.swift */; };
		7051D59B2C587A3A00CCED81 /* DailyPoemViewModel.swift in Sources */ = {isa = PBXBuildFile; fileRef = 7051D59A2C587A3A00CCED81 /* DailyPoemViewModel.swift */; };
		7051D5BE2C58868B00CCED81 /* DailyPoem+CoreDataClass.swift in Sources */ = {isa = PBXBuildFile; fileRef = 7051D5B82C58868B00CCED81 /* DailyPoem+CoreDataClass.swift */; };
		7051D5BF2C58868B00CCED81 /* DailyPoem+CoreDataProperties.swift in Sources */ = {isa = PBXBuildFile; fileRef = 7051D5B92C58868B00CCED81 /* DailyPoem+CoreDataProperties.swift */; };
		7051D5C22C58868B00CCED81 /* FavouritePoem+CoreDataClass.swift in Sources */ = {isa = PBXBuildFile; fileRef = 7051D5BC2C58868B00CCED81 /* FavouritePoem+CoreDataClass.swift */; };
		7051D5C32C58868B00CCED81 /* FavouritePoem+CoreDataProperties.swift in Sources */ = {isa = PBXBuildFile; fileRef = 7051D5BD2C58868B00CCED81 /* FavouritePoem+CoreDataProperties.swift */; };
		7056974D2C63E3FC00D90D45 /* NavigationManager.swift in Sources */ = {isa = PBXBuildFile; fileRef = 7056974C2C63E3FC00D90D45 /* NavigationManager.swift */; };
		705757142C626FCD00512AF9 /* SpeakButtonView.swift in Sources */ = {isa = PBXBuildFile; fileRef = 705757132C626FCD00512AF9 /* SpeakButtonView.swift */; };
		706632C72C6B146D00069555 /* FilterImage.swift in Sources */ = {isa = PBXBuildFile; fileRef = 706632C62C6B146D00069555 /* FilterImage.swift */; };
		7068D7E32C33DCE700FAB1F6 /* BookHomeView.swift in Sources */ = {isa = PBXBuildFile; fileRef = 7068D7E22C33DCE700FAB1F6 /* BookHomeView.swift */; };
		70824FBF2C56240900088810 /* ArticleView.swift in Sources */ = {isa = PBXBuildFile; fileRef = 70824FBE2C56240900088810 /* ArticleView.swift */; };
		70824FC12C56558300088810 /* HTMLView.swift in Sources */ = {isa = PBXBuildFile; fileRef = 70824FC02C56558300088810 /* HTMLView.swift */; };
		70824FC32C565FE400088810 /* HTMLLabel.swift in Sources */ = {isa = PBXBuildFile; fileRef = 70824FC22C565FE400088810 /* HTMLLabel.swift */; };
		70824FC62C569FF600088810 /* MarkdownUI in Frameworks */ = {isa = PBXBuildFile; productRef = 70824FC52C569FF600088810 /* MarkdownUI */; };
		708FB19C2C4C1C6F00553498 /* Quicksand.ttf in Resources */ = {isa = PBXBuildFile; fileRef = 708FB19B2C4C1C6F00553498 /* Quicksand.ttf */; };
		7090CFF92C5A6E9A00B23353 /* TamilKeyboardInstructionView.swift in Sources */ = {isa = PBXBuildFile; fileRef = 7090CFF82C5A6E9A00B23353 /* TamilKeyboardInstructionView.swift */; };
		7090CFFB2C5A73E000B23353 /* CreditsView.swift in Sources */ = {isa = PBXBuildFile; fileRef = 7090CFFA2C5A73E000B23353 /* CreditsView.swift */; };
		7093B6752C398FFB00D38548 /* SingleCategoryView.swift in Sources */ = {isa = PBXBuildFile; fileRef = 7093B6742C398FFB00D38548 /* SingleCategoryView.swift */; };
		7099833E2C6EED9400061590 /* LastViewedPoemListView.swift in Sources */ = {isa = PBXBuildFile; fileRef = 7099833D2C6EED9400061590 /* LastViewedPoemListView.swift */; };
		709EFAE72C4ED0320018DB5C /* SavedPoemViewModel.swift in Sources */ = {isa = PBXBuildFile; fileRef = 709EFAE62C4ED0320018DB5C /* SavedPoemViewModel.swift */; };
		709EFAE92C4ED25E0018DB5C /* SavedPoemListView.swift in Sources */ = {isa = PBXBuildFile; fileRef = 709EFAE82C4ED25E0018DB5C /* SavedPoemListView.swift */; };
		70A1E9432C4A565F00264AC8 /* SimplePoemDetailView.swift in Sources */ = {isa = PBXBuildFile; fileRef = 70A1E9422C4A565F00264AC8 /* SimplePoemDetailView.swift */; };
		70A1E9452C4A9B0300264AC8 /* HomeViewModel.swift in Sources */ = {isa = PBXBuildFile; fileRef = 70A1E9442C4A9B0300264AC8 /* HomeViewModel.swift */; };
		70A1E9472C4AA12900264AC8 /* RandomPoemViewModel.swift in Sources */ = {isa = PBXBuildFile; fileRef = 70A1E9462C4AA12900264AC8 /* RandomPoemViewModel.swift */; };
		70A9082C2C68FB6C00DF5625 /* OnboardingView.swift in Sources */ = {isa = PBXBuildFile; fileRef = 70A9082B2C68FB6C00DF5625 /* OnboardingView.swift */; };
		70B5EBD32C3AD6FB00471451 /* ImportDBView.swift in Sources */ = {isa = PBXBuildFile; fileRef = 70B5EBD22C3AD6FB00471451 /* ImportDBView.swift */; };
		70B5EBDB2C3AF73500471451 /* TamilLitDB.sqlite in Resources */ = {isa = PBXBuildFile; fileRef = 70B5EBD82C3AF73500471451 /* TamilLitDB.sqlite */; };
		70BA907A2C501E3F0003CAA5 /* SharePoem.swift in Sources */ = {isa = PBXBuildFile; fileRef = 70BA90792C501E3F0003CAA5 /* SharePoem.swift */; };
		70C057D42C54EB3200C10ABA /* AppDelegate.swift in Sources */ = {isa = PBXBuildFile; fileRef = 70C057D32C54EB3200C10ABA /* AppDelegate.swift */; };
		70C057D62C54EF2300C10ABA /* NotificationHandler.swift in Sources */ = {isa = PBXBuildFile; fileRef = 70C057D52C54EF2300C10ABA /* NotificationHandler.swift */; };
		70C057D82C5535CE00C10ABA /* UserSettings.swift in Sources */ = {isa = PBXBuildFile; fileRef = 70C057D72C5535CE00C10ABA /* UserSettings.swift */; };
		70C7CF6F2C4AD63B00D4189B /* RandomPoemView.swift in Sources */ = {isa = PBXBuildFile; fileRef = 70C7CF6E2C4AD63B00D4189B /* RandomPoemView.swift */; };
		70CE96EE2C61D5B70013F185 /* CustomFontScaling.swift in Sources */ = {isa = PBXBuildFile; fileRef = 70CE96ED2C61D5B70013F185 /* CustomFontScaling.swift */; };
		70CE96F02C61FE9E0013F185 /* TextToSpeech.swift in Sources */ = {isa = PBXBuildFile; fileRef = 70CE96EF2C61FE9E0013F185 /* TextToSpeech.swift */; };
		70CECFD92C5BEB0600AC2ADA /* TamilLitDB.sqlite-shm in Resources */ = {isa = PBXBuildFile; fileRef = 70CECFD72C5BEB0600AC2ADA /* TamilLitDB.sqlite-shm */; };
		70CECFDA2C5BEB0600AC2ADA /* TamilLitDB.sqlite-wal in Resources */ = {isa = PBXBuildFile; fileRef = 70CECFD82C5BEB0600AC2ADA /* TamilLitDB.sqlite-wal */; };
		70CF63B32C671887000CC8C5 /* PoemDetailViewModel.swift in Sources */ = {isa = PBXBuildFile; fileRef = 70CF63B22C671887000CC8C5 /* PoemDetailViewModel.swift */; };
		70CFF07A2C6E066800A5E959 /* PoemDetailWrapperView.swift in Sources */ = {isa = PBXBuildFile; fileRef = 70CFF0792C6E066800A5E959 /* PoemDetailWrapperView.swift */; };
		70D47F802C5F87EE00E3DF88 /* ListBackgroundModifier.swift in Sources */ = {isa = PBXBuildFile; fileRef = 70D47F7F2C5F87EE00E3DF88 /* ListBackgroundModifier.swift */; };
		70DEF95A2C5402A800E72152 /* Constants.swift in Sources */ = {isa = PBXBuildFile; fileRef = 70DEF9592C5402A800E72152 /* Constants.swift */; };
		70E729822C230C7D00DE5977 /* TamilLitDB.xcdatamodeld in Sources */ = {isa = PBXBuildFile; fileRef = 70E729802C230C7D00DE5977 /* TamilLitDB.xcdatamodeld */; };
		70E739242C314A5F00A4CF0E /* PoemListView.swift in Sources */ = {isa = PBXBuildFile; fileRef = 70E739232C314A5F00A4CF0E /* PoemListView.swift */; };
		70E739302C31530000A4CF0E /* PoemListViewModel.swift in Sources */ = {isa = PBXBuildFile; fileRef = 70E7392F2C31530000A4CF0E /* PoemListViewModel.swift */; };
		70E739322C31555400A4CF0E /* PoemDetailView.swift in Sources */ = {isa = PBXBuildFile; fileRef = 70E739312C31555400A4CF0E /* PoemDetailView.swift */; };
		70E739342C31559C00A4CF0E /* ExplanationListViewModel.swift in Sources */ = {isa = PBXBuildFile; fileRef = 70E739332C31559C00A4CF0E /* ExplanationListViewModel.swift */; };
		70E739382C316DBA00A4CF0E /* CategoryListView.swift in Sources */ = {isa = PBXBuildFile; fileRef = 70E739372C316DBA00A4CF0E /* CategoryListView.swift */; };
		70E93A412C4A3B500057E8B5 /* SearchViewModel.swift in Sources */ = {isa = PBXBuildFile; fileRef = 70E93A402C4A3B500057E8B5 /* SearchViewModel.swift */; };
		70EAE06D2B663CD800E4930D /* Tamil_LitApp.swift in Sources */ = {isa = PBXBuildFile; fileRef = 70EAE06C2B663CD800E4930D /* Tamil_LitApp.swift */; };
		70EAE0732B663CDA00E4930D /* Assets.xcassets in Resources */ = {isa = PBXBuildFile; fileRef = 70EAE0722B663CDA00E4930D /* Assets.xcassets */; };
		70EAE0762B663CDA00E4930D /* Preview Assets.xcassets in Resources */ = {isa = PBXBuildFile; fileRef = 70EAE0752B663CDA00E4930D /* Preview Assets.xcassets */; };
		70EAE0842B66420400E4930D /* README.md in Resources */ = {isa = PBXBuildFile; fileRef = 70EAE0832B66420400E4930D /* README.md */; };
		70F121212C6D16B20028BD67 /* LastViewedPoemsViewModel.swift in Sources */ = {isa = PBXBuildFile; fileRef = 70F121202C6D16B20028BD67 /* LastViewedPoemsViewModel.swift */; };
		70F7709F2C08BBAD00D329C3 /* HomeView.swift in Sources */ = {isa = PBXBuildFile; fileRef = 70F7709E2C08BBAD00D329C3 /* HomeView.swift */; };
		70F86D3C2C490C8600799435 /* Book+CoreDataClass.swift in Sources */ = {isa = PBXBuildFile; fileRef = 70F86D2E2C490C8600799435 /* Book+CoreDataClass.swift */; };
		70F86D3D2C490C8600799435 /* Book+CoreDataProperties.swift in Sources */ = {isa = PBXBuildFile; fileRef = 70F86D2F2C490C8600799435 /* Book+CoreDataProperties.swift */; };
		70F86D3E2C490C8600799435 /* SubCategory+CoreDataClass.swift in Sources */ = {isa = PBXBuildFile; fileRef = 70F86D302C490C8600799435 /* SubCategory+CoreDataClass.swift */; };
		70F86D3F2C490C8600799435 /* SubCategory+CoreDataProperties.swift in Sources */ = {isa = PBXBuildFile; fileRef = 70F86D312C490C8600799435 /* SubCategory+CoreDataProperties.swift */; };
		70F86D402C490C8600799435 /* Section+CoreDataClass.swift in Sources */ = {isa = PBXBuildFile; fileRef = 70F86D322C490C8600799435 /* Section+CoreDataClass.swift */; };
		70F86D412C490C8600799435 /* Section+CoreDataProperties.swift in Sources */ = {isa = PBXBuildFile; fileRef = 70F86D332C490C8600799435 /* Section+CoreDataProperties.swift */; };
		70F86D422C490C8600799435 /* Explanation+CoreDataClass.swift in Sources */ = {isa = PBXBuildFile; fileRef = 70F86D342C490C8600799435 /* Explanation+CoreDataClass.swift */; };
		70F86D432C490C8600799435 /* Explanation+CoreDataProperties.swift in Sources */ = {isa = PBXBuildFile; fileRef = 70F86D352C490C8600799435 /* Explanation+CoreDataProperties.swift */; };
		70F86D442C490C8600799435 /* Settings+CoreDataClass.swift in Sources */ = {isa = PBXBuildFile; fileRef = 70F86D362C490C8600799435 /* Settings+CoreDataClass.swift */; };
		70F86D452C490C8600799435 /* Settings+CoreDataProperties.swift in Sources */ = {isa = PBXBuildFile; fileRef = 70F86D372C490C8600799435 /* Settings+CoreDataProperties.swift */; };
		70F86D462C490C8600799435 /* MainCategory+CoreDataClass.swift in Sources */ = {isa = PBXBuildFile; fileRef = 70F86D382C490C8600799435 /* MainCategory+CoreDataClass.swift */; };
		70F86D472C490C8600799435 /* MainCategory+CoreDataProperties.swift in Sources */ = {isa = PBXBuildFile; fileRef = 70F86D392C490C8600799435 /* MainCategory+CoreDataProperties.swift */; };
		70F86D4B2C49899300799435 /* SearchView.swift in Sources */ = {isa = PBXBuildFile; fileRef = 70F86D4A2C49899300799435 /* SearchView.swift */; };
		70FA4E912C706024008406E0 /* Poem+CoreDataClass.swift in Sources */ = {isa = PBXBuildFile; fileRef = 70FA4E8F2C706024008406E0 /* Poem+CoreDataClass.swift */; };
		70FA4E922C706024008406E0 /* Poem+CoreDataProperties.swift in Sources */ = {isa = PBXBuildFile; fileRef = 70FA4E902C706024008406E0 /* Poem+CoreDataProperties.swift */; };
/* End PBXBuildFile section */

/* Begin PBXFileReference section */
		70027ABE2C575E86002055A8 /* TamilLiterature.md */ = {isa = PBXFileReference; lastKnownFileType = net.daringfireball.markdown; path = TamilLiterature.md; sourceTree = "<group>"; };
		70027AC22C5774AA002055A8 /* SangaIlakkiyam.md */ = {isa = PBXFileReference; lastKnownFileType = net.daringfireball.markdown; path = SangaIlakkiyam.md; sourceTree = "<group>"; };
		70027ACA2C5781D7002055A8 /* Idaikaala-Ilakkiyam.md */ = {isa = PBXFileReference; lastKnownFileType = net.daringfireball.markdown; path = "Idaikaala-Ilakkiyam.md"; sourceTree = "<group>"; };
		70027ACB2C578211002055A8 /* Naveena-Yugam.md */ = {isa = PBXFileReference; lastKnownFileType = net.daringfireball.markdown; path = "Naveena-Yugam.md"; sourceTree = "<group>"; };
		70027ACE2C5799F1002055A8 /* SangaIlakkiyaNoolkal.md */ = {isa = PBXFileReference; lastKnownFileType = net.daringfireball.markdown; path = SangaIlakkiyaNoolkal.md; sourceTree = "<group>"; };
		7004A9922C6A1AE200E336EE /* TamilKeyboardPopupView.swift */ = {isa = PBXFileReference; lastKnownFileType = sourcecode.swift; path = TamilKeyboardPopupView.swift; sourceTree = "<group>"; };
		7004A9942C6A715100E336EE /* Launch Screen.storyboard */ = {isa = PBXFileReference; lastKnownFileType = file.storyboard; path = "Launch Screen.storyboard"; sourceTree = "<group>"; };
		70068B612C5DF7A5009543EB /* ThemeManager.swift */ = {isa = PBXFileReference; lastKnownFileType = sourcecode.swift; path = ThemeManager.swift; sourceTree = "<group>"; };
		70068B632C5DFD18009543EB /* BookManager.swift */ = {isa = PBXFileReference; lastKnownFileType = sourcecode.swift; path = BookManager.swift; sourceTree = "<group>"; };
		70068B652C5DFF52009543EB /* BookTileView.swift */ = {isa = PBXFileReference; lastKnownFileType = sourcecode.swift; path = BookTileView.swift; sourceTree = "<group>"; };
		70091FFF2C3BB1270049C60C /* PoemListWithCategoryView.swift */ = {isa = PBXFileReference; lastKnownFileType = sourcecode.swift; path = PoemListWithCategoryView.swift; sourceTree = "<group>"; };
		700920012C3BC14D0049C60C /* LoadingView.swift */ = {isa = PBXFileReference; lastKnownFileType = sourcecode.swift; path = LoadingView.swift; sourceTree = "<group>"; };
		700920032C3BCDFE0049C60C /* PoemListWithCategoryViewModel.swift */ = {isa = PBXFileReference; lastKnownFileType = sourcecode.swift; path = PoemListWithCategoryViewModel.swift; sourceTree = "<group>"; };
		7010CCBE2C6CF0B400630A96 /* LastFiveViewedPoemsView.swift */ = {isa = PBXFileReference; lastKnownFileType = sourcecode.swift; path = LastFiveViewedPoemsView.swift; sourceTree = "<group>"; };
		7012160F2C667B580025CCB2 /* HapticFeedback.swift */ = {isa = PBXFileReference; lastKnownFileType = sourcecode.swift; path = HapticFeedback.swift; sourceTree = "<group>"; };
		70160F6A2C0B20E20053B4A9 /* MainView.swift */ = {isa = PBXFileReference; lastKnownFileType = sourcecode.swift; path = MainView.swift; sourceTree = "<group>"; };
		701BFAD52C33B1C2008D2805 /* CategoryViewModel.swift */ = {isa = PBXFileReference; lastKnownFileType = sourcecode.swift; path = CategoryViewModel.swift; sourceTree = "<group>"; };
		70206A6D2C4D566000B55EE6 /* BookSelectorView.swift */ = {isa = PBXFileReference; lastKnownFileType = sourcecode.swift; path = BookSelectorView.swift; sourceTree = "<group>"; };
		70206A6F2C4D592400B55EE6 /* BookInfo.swift */ = {isa = PBXFileReference; lastKnownFileType = sourcecode.swift; path = BookInfo.swift; sourceTree = "<group>"; };
		702240552B69653C00EF072B /* WrapView.swift */ = {isa = PBXFileReference; lastKnownFileType = sourcecode.swift; path = WrapView.swift; sourceTree = "<group>"; };
		702BCA542C313F1F0051D8C2 /* CoreDataManager.swift */ = {isa = PBXFileReference; lastKnownFileType = sourcecode.swift; path = CoreDataManager.swift; sourceTree = "<group>"; };
		702DF7A72C5210A10037D0BD /* PoemScreenshotView.swift */ = {isa = PBXFileReference; lastKnownFileType = sourcecode.swift; path = PoemScreenshotView.swift; sourceTree = "<group>"; };
		702DF7AE2C527F0B0037D0BD /* SettingsView.swift */ = {isa = PBXFileReference; lastKnownFileType = sourcecode.swift; path = SettingsView.swift; sourceTree = "<group>"; };
		702DF7B02C5285890037D0BD /* AboutView.swift */ = {isa = PBXFileReference; lastKnownFileType = sourcecode.swift; path = AboutView.swift; sourceTree = "<group>"; };
		703145372C6BD09800BA0059 /* AnalyticsManager.swift */ = {isa = PBXFileReference; lastKnownFileType = sourcecode.swift; path = AnalyticsManager.swift; sourceTree = "<group>"; };
		7038CCE12C688EA4001C9841 /* ExplanationView.swift */ = {isa = PBXFileReference; lastKnownFileType = sourcecode.swift; path = ExplanationView.swift; sourceTree = "<group>"; };
		703CD63A2C4E46E900509F46 /* BookDetailsView.swift */ = {isa = PBXFileReference; lastKnownFileType = sourcecode.swift; path = BookDetailsView.swift; sourceTree = "<group>"; };
		703CD63C2C4E470800509F46 /* BookDetailsViewModel.swift */ = {isa = PBXFileReference; lastKnownFileType = sourcecode.swift; path = BookDetailsViewModel.swift; sourceTree = "<group>"; };
		703E18B42C458E890032298E /* SingleCategoryViewModel.swift */ = {isa = PBXFileReference; lastKnownFileType = sourcecode.swift; path = SingleCategoryViewModel.swift; sourceTree = "<group>"; };
		704641082C50F8B100447FF4 /* SaveAsImage.swift */ = {isa = PBXFileReference; lastKnownFileType = sourcecode.swift; path = SaveAsImage.swift; sourceTree = "<group>"; };
		7051D59A2C587A3A00CCED81 /* DailyPoemViewModel.swift */ = {isa = PBXFileReference; lastKnownFileType = sourcecode.swift; path = DailyPoemViewModel.swift; sourceTree = "<group>"; };
		7051D5B82C58868B00CCED81 /* DailyPoem+CoreDataClass.swift */ = {isa = PBXFileReference; lastKnownFileType = sourcecode.swift; path = "DailyPoem+CoreDataClass.swift"; sourceTree = "<group>"; };
		7051D5B92C58868B00CCED81 /* DailyPoem+CoreDataProperties.swift */ = {isa = PBXFileReference; lastKnownFileType = sourcecode.swift; path = "DailyPoem+CoreDataProperties.swift"; sourceTree = "<group>"; };
		7051D5BC2C58868B00CCED81 /* FavouritePoem+CoreDataClass.swift */ = {isa = PBXFileReference; lastKnownFileType = sourcecode.swift; path = "FavouritePoem+CoreDataClass.swift"; sourceTree = "<group>"; };
		7051D5BD2C58868B00CCED81 /* FavouritePoem+CoreDataProperties.swift */ = {isa = PBXFileReference; lastKnownFileType = sourcecode.swift; path = "FavouritePoem+CoreDataProperties.swift"; sourceTree = "<group>"; };
		7056974C2C63E3FC00D90D45 /* NavigationManager.swift */ = {isa = PBXFileReference; lastKnownFileType = sourcecode.swift; path = NavigationManager.swift; sourceTree = "<group>"; };
		705757132C626FCD00512AF9 /* SpeakButtonView.swift */ = {isa = PBXFileReference; lastKnownFileType = sourcecode.swift; path = SpeakButtonView.swift; sourceTree = "<group>"; };
		706632C62C6B146D00069555 /* FilterImage.swift */ = {isa = PBXFileReference; lastKnownFileType = sourcecode.swift; path = FilterImage.swift; sourceTree = "<group>"; };
		7068D7E22C33DCE700FAB1F6 /* BookHomeView.swift */ = {isa = PBXFileReference; lastKnownFileType = sourcecode.swift; path = BookHomeView.swift; sourceTree = "<group>"; };
		70824FBE2C56240900088810 /* ArticleView.swift */ = {isa = PBXFileReference; lastKnownFileType = sourcecode.swift; path = ArticleView.swift; sourceTree = "<group>"; };
		70824FC02C56558300088810 /* HTMLView.swift */ = {isa = PBXFileReference; lastKnownFileType = sourcecode.swift; path = HTMLView.swift; sourceTree = "<group>"; };
		70824FC22C565FE400088810 /* HTMLLabel.swift */ = {isa = PBXFileReference; lastKnownFileType = sourcecode.swift; path = HTMLLabel.swift; sourceTree = "<group>"; };
		708FB19B2C4C1C6F00553498 /* Quicksand.ttf */ = {isa = PBXFileReference; lastKnownFileType = file; path = Quicksand.ttf; sourceTree = "<group>"; };
		708FB19E2C4C290B00553498 /* Tamil-Lit-Info.plist */ = {isa = PBXFileReference; lastKnownFileType = text.plist; path = "Tamil-Lit-Info.plist"; sourceTree = SOURCE_ROOT; };
		7090CFF82C5A6E9A00B23353 /* TamilKeyboardInstructionView.swift */ = {isa = PBXFileReference; lastKnownFileType = sourcecode.swift; path = TamilKeyboardInstructionView.swift; sourceTree = "<group>"; };
		7090CFFA2C5A73E000B23353 /* CreditsView.swift */ = {isa = PBXFileReference; lastKnownFileType = sourcecode.swift; path = CreditsView.swift; sourceTree = "<group>"; };
		7093B6742C398FFB00D38548 /* SingleCategoryView.swift */ = {isa = PBXFileReference; lastKnownFileType = sourcecode.swift; path = SingleCategoryView.swift; sourceTree = "<group>"; };
		7099833D2C6EED9400061590 /* LastViewedPoemListView.swift */ = {isa = PBXFileReference; lastKnownFileType = sourcecode.swift; path = LastViewedPoemListView.swift; sourceTree = "<group>"; };
		709EFAE62C4ED0320018DB5C /* SavedPoemViewModel.swift */ = {isa = PBXFileReference; lastKnownFileType = sourcecode.swift; path = SavedPoemViewModel.swift; sourceTree = "<group>"; };
		709EFAE82C4ED25E0018DB5C /* SavedPoemListView.swift */ = {isa = PBXFileReference; lastKnownFileType = sourcecode.swift; path = SavedPoemListView.swift; sourceTree = "<group>"; };
		70A1E9422C4A565F00264AC8 /* SimplePoemDetailView.swift */ = {isa = PBXFileReference; lastKnownFileType = sourcecode.swift; path = SimplePoemDetailView.swift; sourceTree = "<group>"; };
		70A1E9442C4A9B0300264AC8 /* HomeViewModel.swift */ = {isa = PBXFileReference; lastKnownFileType = sourcecode.swift; path = HomeViewModel.swift; sourceTree = "<group>"; };
		70A1E9462C4AA12900264AC8 /* RandomPoemViewModel.swift */ = {isa = PBXFileReference; lastKnownFileType = sourcecode.swift; path = RandomPoemViewModel.swift; sourceTree = "<group>"; };
		70A9082B2C68FB6C00DF5625 /* OnboardingView.swift */ = {isa = PBXFileReference; lastKnownFileType = sourcecode.swift; path = OnboardingView.swift; sourceTree = "<group>"; };
		70B5EBD22C3AD6FB00471451 /* ImportDBView.swift */ = {isa = PBXFileReference; lastKnownFileType = sourcecode.swift; path = ImportDBView.swift; sourceTree = "<group>"; };
		70B5EBD82C3AF73500471451 /* TamilLitDB.sqlite */ = {isa = PBXFileReference; lastKnownFileType = file; path = TamilLitDB.sqlite; sourceTree = "<group>"; };
		70BA90792C501E3F0003CAA5 /* SharePoem.swift */ = {isa = PBXFileReference; lastKnownFileType = sourcecode.swift; path = SharePoem.swift; sourceTree = "<group>"; };
		70C057D02C54BEE000C10ABA /* Tamil Lit.entitlements */ = {isa = PBXFileReference; lastKnownFileType = text.plist.entitlements; path = "Tamil Lit.entitlements"; sourceTree = "<group>"; };
		70C057D32C54EB3200C10ABA /* AppDelegate.swift */ = {isa = PBXFileReference; lastKnownFileType = sourcecode.swift; path = AppDelegate.swift; sourceTree = "<group>"; };
		70C057D52C54EF2300C10ABA /* NotificationHandler.swift */ = {isa = PBXFileReference; lastKnownFileType = sourcecode.swift; path = NotificationHandler.swift; sourceTree = "<group>"; };
		70C057D72C5535CE00C10ABA /* UserSettings.swift */ = {isa = PBXFileReference; lastKnownFileType = sourcecode.swift; path = UserSettings.swift; sourceTree = "<group>"; };
		70C7CF6E2C4AD63B00D4189B /* RandomPoemView.swift */ = {isa = PBXFileReference; lastKnownFileType = sourcecode.swift; path = RandomPoemView.swift; sourceTree = "<group>"; };
		70CE96ED2C61D5B70013F185 /* CustomFontScaling.swift */ = {isa = PBXFileReference; lastKnownFileType = sourcecode.swift; path = CustomFontScaling.swift; sourceTree = "<group>"; };
		70CE96EF2C61FE9E0013F185 /* TextToSpeech.swift */ = {isa = PBXFileReference; lastKnownFileType = sourcecode.swift; path = TextToSpeech.swift; sourceTree = "<group>"; };
		70CECFD72C5BEB0600AC2ADA /* TamilLitDB.sqlite-shm */ = {isa = PBXFileReference; lastKnownFileType = file; path = "TamilLitDB.sqlite-shm"; sourceTree = "<group>"; };
		70CECFD82C5BEB0600AC2ADA /* TamilLitDB.sqlite-wal */ = {isa = PBXFileReference; lastKnownFileType = file; path = "TamilLitDB.sqlite-wal"; sourceTree = "<group>"; };
		70CF63B22C671887000CC8C5 /* PoemDetailViewModel.swift */ = {isa = PBXFileReference; lastKnownFileType = sourcecode.swift; path = PoemDetailViewModel.swift; sourceTree = "<group>"; };
		70CFF0792C6E066800A5E959 /* PoemDetailWrapperView.swift */ = {isa = PBXFileReference; lastKnownFileType = sourcecode.swift; path = PoemDetailWrapperView.swift; sourceTree = "<group>"; };
		70D47F7F2C5F87EE00E3DF88 /* ListBackgroundModifier.swift */ = {isa = PBXFileReference; lastKnownFileType = sourcecode.swift; path = ListBackgroundModifier.swift; sourceTree = "<group>"; };
		70DEF9592C5402A800E72152 /* Constants.swift */ = {isa = PBXFileReference; lastKnownFileType = sourcecode.swift; path = Constants.swift; sourceTree = "<group>"; };
		70E729812C230C7D00DE5977 /* TamilLitDB.xcdatamodel */ = {isa = PBXFileReference; lastKnownFileType = wrapper.xcdatamodel; path = TamilLitDB.xcdatamodel; sourceTree = "<group>"; };
		70E739232C314A5F00A4CF0E /* PoemListView.swift */ = {isa = PBXFileReference; lastKnownFileType = sourcecode.swift; path = PoemListView.swift; sourceTree = "<group>"; };
		70E7392F2C31530000A4CF0E /* PoemListViewModel.swift */ = {isa = PBXFileReference; lastKnownFileType = sourcecode.swift; path = PoemListViewModel.swift; sourceTree = "<group>"; };
		70E739312C31555400A4CF0E /* PoemDetailView.swift */ = {isa = PBXFileReference; lastKnownFileType = sourcecode.swift; path = PoemDetailView.swift; sourceTree = "<group>"; };
		70E739332C31559C00A4CF0E /* ExplanationListViewModel.swift */ = {isa = PBXFileReference; lastKnownFileType = sourcecode.swift; path = ExplanationListViewModel.swift; sourceTree = "<group>"; };
		70E739372C316DBA00A4CF0E /* CategoryListView.swift */ = {isa = PBXFileReference; lastKnownFileType = sourcecode.swift; path = CategoryListView.swift; sourceTree = "<group>"; };
		70E93A402C4A3B500057E8B5 /* SearchViewModel.swift */ = {isa = PBXFileReference; lastKnownFileType = sourcecode.swift; path = SearchViewModel.swift; sourceTree = "<group>"; };
		70EAE0692B663CD800E4930D /* Tamil Lit.app */ = {isa = PBXFileReference; explicitFileType = wrapper.application; includeInIndex = 0; path = "Tamil Lit.app"; sourceTree = BUILT_PRODUCTS_DIR; };
		70EAE06C2B663CD800E4930D /* Tamil_LitApp.swift */ = {isa = PBXFileReference; lastKnownFileType = sourcecode.swift; path = Tamil_LitApp.swift; sourceTree = "<group>"; };
		70EAE0722B663CDA00E4930D /* Assets.xcassets */ = {isa = PBXFileReference; lastKnownFileType = folder.assetcatalog; path = Assets.xcassets; sourceTree = "<group>"; };
		70EAE0752B663CDA00E4930D /* Preview Assets.xcassets */ = {isa = PBXFileReference; lastKnownFileType = folder.assetcatalog; path = "Preview Assets.xcassets"; sourceTree = "<group>"; };
		70EAE0832B66420400E4930D /* README.md */ = {isa = PBXFileReference; fileEncoding = 4; lastKnownFileType = net.daringfireball.markdown; path = README.md; sourceTree = "<group>"; };
		70F121202C6D16B20028BD67 /* LastViewedPoemsViewModel.swift */ = {isa = PBXFileReference; lastKnownFileType = sourcecode.swift; path = LastViewedPoemsViewModel.swift; sourceTree = "<group>"; };
		70F7709E2C08BBAD00D329C3 /* HomeView.swift */ = {isa = PBXFileReference; lastKnownFileType = sourcecode.swift; path = HomeView.swift; sourceTree = "<group>"; };
		70F86D2E2C490C8600799435 /* Book+CoreDataClass.swift */ = {isa = PBXFileReference; lastKnownFileType = sourcecode.swift; path = "Book+CoreDataClass.swift"; sourceTree = "<group>"; };
		70F86D2F2C490C8600799435 /* Book+CoreDataProperties.swift */ = {isa = PBXFileReference; lastKnownFileType = sourcecode.swift; path = "Book+CoreDataProperties.swift"; sourceTree = "<group>"; };
		70F86D302C490C8600799435 /* SubCategory+CoreDataClass.swift */ = {isa = PBXFileReference; lastKnownFileType = sourcecode.swift; path = "SubCategory+CoreDataClass.swift"; sourceTree = "<group>"; };
		70F86D312C490C8600799435 /* SubCategory+CoreDataProperties.swift */ = {isa = PBXFileReference; lastKnownFileType = sourcecode.swift; path = "SubCategory+CoreDataProperties.swift"; sourceTree = "<group>"; };
		70F86D322C490C8600799435 /* Section+CoreDataClass.swift */ = {isa = PBXFileReference; lastKnownFileType = sourcecode.swift; path = "Section+CoreDataClass.swift"; sourceTree = "<group>"; };
		70F86D332C490C8600799435 /* Section+CoreDataProperties.swift */ = {isa = PBXFileReference; lastKnownFileType = sourcecode.swift; path = "Section+CoreDataProperties.swift"; sourceTree = "<group>"; };
		70F86D342C490C8600799435 /* Explanation+CoreDataClass.swift */ = {isa = PBXFileReference; lastKnownFileType = sourcecode.swift; path = "Explanation+CoreDataClass.swift"; sourceTree = "<group>"; };
		70F86D352C490C8600799435 /* Explanation+CoreDataProperties.swift */ = {isa = PBXFileReference; lastKnownFileType = sourcecode.swift; path = "Explanation+CoreDataProperties.swift"; sourceTree = "<group>"; };
		70F86D362C490C8600799435 /* Settings+CoreDataClass.swift */ = {isa = PBXFileReference; lastKnownFileType = sourcecode.swift; path = "Settings+CoreDataClass.swift"; sourceTree = "<group>"; };
		70F86D372C490C8600799435 /* Settings+CoreDataProperties.swift */ = {isa = PBXFileReference; lastKnownFileType = sourcecode.swift; path = "Settings+CoreDataProperties.swift"; sourceTree = "<group>"; };
		70F86D382C490C8600799435 /* MainCategory+CoreDataClass.swift */ = {isa = PBXFileReference; lastKnownFileType = sourcecode.swift; path = "MainCategory+CoreDataClass.swift"; sourceTree = "<group>"; };
		70F86D392C490C8600799435 /* MainCategory+CoreDataProperties.swift */ = {isa = PBXFileReference; lastKnownFileType = sourcecode.swift; path = "MainCategory+CoreDataProperties.swift"; sourceTree = "<group>"; };
		70F86D4A2C49899300799435 /* SearchView.swift */ = {isa = PBXFileReference; lastKnownFileType = sourcecode.swift; path = SearchView.swift; sourceTree = "<group>"; };
		70FA4E8F2C706024008406E0 /* Poem+CoreDataClass.swift */ = {isa = PBXFileReference; lastKnownFileType = sourcecode.swift; path = "Poem+CoreDataClass.swift"; sourceTree = "<group>"; };
		70FA4E902C706024008406E0 /* Poem+CoreDataProperties.swift */ = {isa = PBXFileReference; lastKnownFileType = sourcecode.swift; path = "Poem+CoreDataProperties.swift"; sourceTree = "<group>"; };
/* End PBXFileReference section */

/* Begin PBXFrameworksBuildPhase section */
		70EAE0662B663CD800E4930D /* Frameworks */ = {
			isa = PBXFrameworksBuildPhase;
			buildActionMask = 2147483647;
			files = (
				70206A6C2C4D421900B55EE6 /* PopupView in Frameworks */,
				70824FC62C569FF600088810 /* MarkdownUI in Frameworks */,
				7031453B2C6BD10F00BA0059 /* TelemetryDeck in Frameworks */,
			);
			runOnlyForDeploymentPostprocessing = 0;
		};
/* End PBXFrameworksBuildPhase section */

/* Begin PBXGroup section */
		70027ABD2C575E4B002055A8 /* Articles */ = {
			isa = PBXGroup;
			children = (
				70027ABE2C575E86002055A8 /* TamilLiterature.md */,
				70027AC22C5774AA002055A8 /* SangaIlakkiyam.md */,
				70027ACA2C5781D7002055A8 /* Idaikaala-Ilakkiyam.md */,
				70027ACB2C578211002055A8 /* Naveena-Yugam.md */,
				70027ACE2C5799F1002055A8 /* SangaIlakkiyaNoolkal.md */,
			);
			path = Articles;
			sourceTree = "<group>";
		};
		702240542B69652000EF072B /* Helper */ = {
			isa = PBXGroup;
			children = (
				702240552B69653C00EF072B /* WrapView.swift */,
				70206A6F2C4D592400B55EE6 /* BookInfo.swift */,
				704641082C50F8B100447FF4 /* SaveAsImage.swift */,
				70DEF9592C5402A800E72152 /* Constants.swift */,
				70C057D52C54EF2300C10ABA /* NotificationHandler.swift */,
				70C057D72C5535CE00C10ABA /* UserSettings.swift */,
				70824FC02C56558300088810 /* HTMLView.swift */,
				70824FC22C565FE400088810 /* HTMLLabel.swift */,
				70CE96ED2C61D5B70013F185 /* CustomFontScaling.swift */,
				70CE96EF2C61FE9E0013F185 /* TextToSpeech.swift */,
				7056974C2C63E3FC00D90D45 /* NavigationManager.swift */,
				7012160F2C667B580025CCB2 /* HapticFeedback.swift */,
			);
			path = Helper;
			sourceTree = "<group>";
		};
		702BCA532C313EF50051D8C2 /* ViewModel */ = {
			isa = PBXGroup;
			children = (
				70068B612C5DF7A5009543EB /* ThemeManager.swift */,
				70068B632C5DFD18009543EB /* BookManager.swift */,
				702BCA542C313F1F0051D8C2 /* CoreDataManager.swift */,
				70E7392F2C31530000A4CF0E /* PoemListViewModel.swift */,
				70E739332C31559C00A4CF0E /* ExplanationListViewModel.swift */,
				701BFAD52C33B1C2008D2805 /* CategoryViewModel.swift */,
				700920032C3BCDFE0049C60C /* PoemListWithCategoryViewModel.swift */,
				703E18B42C458E890032298E /* SingleCategoryViewModel.swift */,
				70E93A402C4A3B500057E8B5 /* SearchViewModel.swift */,
				70A1E9442C4A9B0300264AC8 /* HomeViewModel.swift */,
				70A1E9462C4AA12900264AC8 /* RandomPoemViewModel.swift */,
				703CD63C2C4E470800509F46 /* BookDetailsViewModel.swift */,
				709EFAE62C4ED0320018DB5C /* SavedPoemViewModel.swift */,
				7051D59A2C587A3A00CCED81 /* DailyPoemViewModel.swift */,
				70CF63B22C671887000CC8C5 /* PoemDetailViewModel.swift */,
				70F121202C6D16B20028BD67 /* LastViewedPoemsViewModel.swift */,
			);
			path = ViewModel;
			sourceTree = "<group>";
		};
		703145362C6BD07D00BA0059 /* Analytics */ = {
			isa = PBXGroup;
			children = (
				703145372C6BD09800BA0059 /* AnalyticsManager.swift */,
			);
			path = Analytics;
			sourceTree = "<group>";
		};
		70626FCA2C23D54A00055E77 /* Model */ = {
			isa = PBXGroup;
			children = (
				70FA4E8F2C706024008406E0 /* Poem+CoreDataClass.swift */,
				70FA4E902C706024008406E0 /* Poem+CoreDataProperties.swift */,
				7051D5B82C58868B00CCED81 /* DailyPoem+CoreDataClass.swift */,
				7051D5B92C58868B00CCED81 /* DailyPoem+CoreDataProperties.swift */,
				7051D5BC2C58868B00CCED81 /* FavouritePoem+CoreDataClass.swift */,
				7051D5BD2C58868B00CCED81 /* FavouritePoem+CoreDataProperties.swift */,
				70F86D2E2C490C8600799435 /* Book+CoreDataClass.swift */,
				70F86D2F2C490C8600799435 /* Book+CoreDataProperties.swift */,
				70F86D302C490C8600799435 /* SubCategory+CoreDataClass.swift */,
				70F86D312C490C8600799435 /* SubCategory+CoreDataProperties.swift */,
				70F86D322C490C8600799435 /* Section+CoreDataClass.swift */,
				70F86D332C490C8600799435 /* Section+CoreDataProperties.swift */,
				70F86D342C490C8600799435 /* Explanation+CoreDataClass.swift */,
				70F86D352C490C8600799435 /* Explanation+CoreDataProperties.swift */,
				70F86D362C490C8600799435 /* Settings+CoreDataClass.swift */,
				70F86D372C490C8600799435 /* Settings+CoreDataProperties.swift */,
				70F86D382C490C8600799435 /* MainCategory+CoreDataClass.swift */,
				70F86D392C490C8600799435 /* MainCategory+CoreDataProperties.swift */,
				70E729802C230C7D00DE5977 /* TamilLitDB.xcdatamodeld */,
			);
			path = Model;
			sourceTree = "<group>";
		};
		70824FBD2C56238D00088810 /* ArticleScreens */ = {
			isa = PBXGroup;
			children = (
				70824FBE2C56240900088810 /* ArticleView.swift */,
			);
			path = ArticleScreens;
			sourceTree = "<group>";
		};
		708FB19D2C4C1C9000553498 /* Fonts */ = {
			isa = PBXGroup;
			children = (
				708FB19B2C4C1C6F00553498 /* Quicksand.ttf */,
			);
			path = Fonts;
			sourceTree = "<group>";
		};
		70A9082A2C68FB3000DF5625 /* Onboarding */ = {
			isa = PBXGroup;
			children = (
				70A9082B2C68FB6C00DF5625 /* OnboardingView.swift */,
			);
			path = Onboarding;
			sourceTree = "<group>";
		};
		70C057D92C554A1A00C10ABA /* Widgets */ = {
			isa = PBXGroup;
			children = (
				700920012C3BC14D0049C60C /* LoadingView.swift */,
				70206A6D2C4D566000B55EE6 /* BookSelectorView.swift */,
				70BA90792C501E3F0003CAA5 /* SharePoem.swift */,
				702DF7A72C5210A10037D0BD /* PoemScreenshotView.swift */,
				70068B652C5DFF52009543EB /* BookTileView.swift */,
				70D47F7F2C5F87EE00E3DF88 /* ListBackgroundModifier.swift */,
				705757132C626FCD00512AF9 /* SpeakButtonView.swift */,
				7038CCE12C688EA4001C9841 /* ExplanationView.swift */,
				7004A9922C6A1AE200E336EE /* TamilKeyboardPopupView.swift */,
				706632C62C6B146D00069555 /* FilterImage.swift */,
			);
			path = Widgets;
			sourceTree = "<group>";
		};
		70E7297F2C2309EF00DE5977 /* UIScreens */ = {
			isa = PBXGroup;
			children = (
				70A9082A2C68FB3000DF5625 /* Onboarding */,
				70824FBD2C56238D00088810 /* ArticleScreens */,
				70C057D92C554A1A00C10ABA /* Widgets */,
				70160F6A2C0B20E20053B4A9 /* MainView.swift */,
				70F7709E2C08BBAD00D329C3 /* HomeView.swift */,
				7068D7E22C33DCE700FAB1F6 /* BookHomeView.swift */,
				70F86D4A2C49899300799435 /* SearchView.swift */,
				70C7CF6E2C4AD63B00D4189B /* RandomPoemView.swift */,
				709EFAE82C4ED25E0018DB5C /* SavedPoemListView.swift */,
				702DF7AE2C527F0B0037D0BD /* SettingsView.swift */,
				702DF7B02C5285890037D0BD /* AboutView.swift */,
				703CD63A2C4E46E900509F46 /* BookDetailsView.swift */,
				70E739372C316DBA00A4CF0E /* CategoryListView.swift */,
				7093B6742C398FFB00D38548 /* SingleCategoryView.swift */,
				70091FFF2C3BB1270049C60C /* PoemListWithCategoryView.swift */,
				70E739232C314A5F00A4CF0E /* PoemListView.swift */,
				70E739312C31555400A4CF0E /* PoemDetailView.swift */,
				70A1E9422C4A565F00264AC8 /* SimplePoemDetailView.swift */,
				7090CFF82C5A6E9A00B23353 /* TamilKeyboardInstructionView.swift */,
				7090CFFA2C5A73E000B23353 /* CreditsView.swift */,
				70CFF0792C6E066800A5E959 /* PoemDetailWrapperView.swift */,
				7010CCBE2C6CF0B400630A96 /* LastFiveViewedPoemsView.swift */,
				7099833D2C6EED9400061590 /* LastViewedPoemListView.swift */,
			);
			path = UIScreens;
			sourceTree = "<group>";
		};
		70EAE0602B663CD800E4930D = {
			isa = PBXGroup;
			children = (
				70EAE06B2B663CD800E4930D /* Tamil Lit */,
				70EAE06A2B663CD800E4930D /* Products */,
			);
			sourceTree = "<group>";
		};
		70EAE06A2B663CD800E4930D /* Products */ = {
			isa = PBXGroup;
			children = (
				70EAE0692B663CD800E4930D /* Tamil Lit.app */,
			);
			name = Products;
			sourceTree = "<group>";
		};
		70EAE06B2B663CD800E4930D /* Tamil Lit */ = {
			isa = PBXGroup;
			children = (
				703145362C6BD07D00BA0059 /* Analytics */,
				70C057D02C54BEE000C10ABA /* Tamil Lit.entitlements */,
				708FB19E2C4C290B00553498 /* Tamil-Lit-Info.plist */,
				70EAE0742B663CDA00E4930D /* Preview Content */,
				70626FCA2C23D54A00055E77 /* Model */,
				702BCA532C313EF50051D8C2 /* ViewModel */,
				70E7297F2C2309EF00DE5977 /* UIScreens */,
				702240542B69652000EF072B /* Helper */,
				70EAE07E2B663E0400E4930D /* Resources */,
				70EAE06C2B663CD800E4930D /* Tamil_LitApp.swift */,
				70B5EBD22C3AD6FB00471451 /* ImportDBView.swift */,
				70C057D32C54EB3200C10ABA /* AppDelegate.swift */,
				70EAE0722B663CDA00E4930D /* Assets.xcassets */,
				70EAE0832B66420400E4930D /* README.md */,
				7004A9942C6A715100E336EE /* Launch Screen.storyboard */,
			);
			path = "Tamil Lit";
			sourceTree = "<group>";
		};
		70EAE0742B663CDA00E4930D /* Preview Content */ = {
			isa = PBXGroup;
			children = (
				70EAE0752B663CDA00E4930D /* Preview Assets.xcassets */,
			);
			path = "Preview Content";
			sourceTree = "<group>";
		};
		70EAE07E2B663E0400E4930D /* Resources */ = {
			isa = PBXGroup;
			children = (
				70027ABD2C575E4B002055A8 /* Articles */,
				708FB19D2C4C1C9000553498 /* Fonts */,
				70B5EBD82C3AF73500471451 /* TamilLitDB.sqlite */,
				70CECFD72C5BEB0600AC2ADA /* TamilLitDB.sqlite-shm */,
				70CECFD82C5BEB0600AC2ADA /* TamilLitDB.sqlite-wal */,
			);
			path = Resources;
			sourceTree = "<group>";
		};
/* End PBXGroup section */

/* Begin PBXNativeTarget section */
		70EAE0682B663CD800E4930D /* Tamil Lit */ = {
			isa = PBXNativeTarget;
			buildConfigurationList = 70EAE0792B663CDA00E4930D /* Build configuration list for PBXNativeTarget "Tamil Lit" */;
			buildPhases = (
				70EAE0652B663CD800E4930D /* Sources */,
				70EAE0662B663CD800E4930D /* Frameworks */,
				70EAE0672B663CD800E4930D /* Resources */,
			);
			buildRules = (
			);
			dependencies = (
			);
			name = "Tamil Lit";
			packageProductDependencies = (
				70206A6B2C4D421900B55EE6 /* PopupView */,
				70824FC52C569FF600088810 /* MarkdownUI */,
				7031453A2C6BD10F00BA0059 /* TelemetryDeck */,
			);
			productName = "Tamil Lit";
			productReference = 70EAE0692B663CD800E4930D /* Tamil Lit.app */;
			productType = "com.apple.product-type.application";
		};
/* End PBXNativeTarget section */

/* Begin PBXProject section */
		70EAE0612B663CD800E4930D /* Project object */ = {
			isa = PBXProject;
			attributes = {
				BuildIndependentTargetsInParallel = 1;
				LastSwiftUpdateCheck = 1520;
				LastUpgradeCheck = 1520;
				TargetAttributes = {
					70EAE0682B663CD800E4930D = {
						CreatedOnToolsVersion = 15.2;
					};
				};
			};
			buildConfigurationList = 70EAE0642B663CD800E4930D /* Build configuration list for PBXProject "Tamil Lit" */;
			compatibilityVersion = "Xcode 14.0";
			developmentRegion = en;
			hasScannedForEncodings = 0;
			knownRegions = (
				en,
				Base,
			);
			mainGroup = 70EAE0602B663CD800E4930D;
			packageReferences = (
				70206A6A2C4D421900B55EE6 /* XCRemoteSwiftPackageReference "PopupView" */,
				70824FC42C569FF600088810 /* XCRemoteSwiftPackageReference "swift-markdown-ui" */,
				703145392C6BD10F00BA0059 /* XCRemoteSwiftPackageReference "SwiftSDK" */,
			);
			productRefGroup = 70EAE06A2B663CD800E4930D /* Products */;
			projectDirPath = "";
			projectRoot = "";
			targets = (
				70EAE0682B663CD800E4930D /* Tamil Lit */,
			);
		};
/* End PBXProject section */

/* Begin PBXResourcesBuildPhase section */
		70EAE0672B663CD800E4930D /* Resources */ = {
			isa = PBXResourcesBuildPhase;
			buildActionMask = 2147483647;
			files = (
				70CECFDA2C5BEB0600AC2ADA /* TamilLitDB.sqlite-wal in Resources */,
				70027ACF2C579B0B002055A8 /* SangaIlakkiyaNoolkal.md in Resources */,
				70027ACC2C578336002055A8 /* Idaikaala-Ilakkiyam.md in Resources */,
				70027ACD2C578336002055A8 /* Naveena-Yugam.md in Resources */,
				7004A9952C6A715100E336EE /* Launch Screen.storyboard in Resources */,
				70027AC32C57769F002055A8 /* SangaIlakkiyam.md in Resources */,
				70027ABF2C577366002055A8 /* TamilLiterature.md in Resources */,
				70CECFD92C5BEB0600AC2ADA /* TamilLitDB.sqlite-shm in Resources */,
				70B5EBDB2C3AF73500471451 /* TamilLitDB.sqlite in Resources */,
				70EAE0762B663CDA00E4930D /* Preview Assets.xcassets in Resources */,
				70EAE0842B66420400E4930D /* README.md in Resources */,
				70EAE0732B663CDA00E4930D /* Assets.xcassets in Resources */,
				708FB19C2C4C1C6F00553498 /* Quicksand.ttf in Resources */,
			);
			runOnlyForDeploymentPostprocessing = 0;
		};
/* End PBXResourcesBuildPhase section */

/* Begin PBXSourcesBuildPhase section */
		70EAE0652B663CD800E4930D /* Sources */ = {
			isa = PBXSourcesBuildPhase;
			buildActionMask = 2147483647;
			files = (
				70CF63B32C671887000CC8C5 /* PoemDetailViewModel.swift in Sources */,
				704641092C50F8B100447FF4 /* SaveAsImage.swift in Sources */,
				703E18B52C458E890032298E /* SingleCategoryViewModel.swift in Sources */,
				70E93A412C4A3B500057E8B5 /* SearchViewModel.swift in Sources */,
				702DF7B12C5285890037D0BD /* AboutView.swift in Sources */,
				70E739322C31555400A4CF0E /* PoemDetailView.swift in Sources */,
				70160F6B2C0B20E20053B4A9 /* MainView.swift in Sources */,
				7068D7E32C33DCE700FAB1F6 /* BookHomeView.swift in Sources */,
				70C057D62C54EF2300C10ABA /* NotificationHandler.swift in Sources */,
				70E729822C230C7D00DE5977 /* TamilLitDB.xcdatamodeld in Sources */,
				700920002C3BB1270049C60C /* PoemListWithCategoryView.swift in Sources */,
				70F86D4B2C49899300799435 /* SearchView.swift in Sources */,
				70B5EBD32C3AD6FB00471451 /* ImportDBView.swift in Sources */,
				709EFAE92C4ED25E0018DB5C /* SavedPoemListView.swift in Sources */,
				70E739382C316DBA00A4CF0E /* CategoryListView.swift in Sources */,
				703145382C6BD09800BA0059 /* AnalyticsManager.swift in Sources */,
				70F121212C6D16B20028BD67 /* LastViewedPoemsViewModel.swift in Sources */,
				70A1E9452C4A9B0300264AC8 /* HomeViewModel.swift in Sources */,
				702BCA552C313F1F0051D8C2 /* CoreDataManager.swift in Sources */,
				70A1E9472C4AA12900264AC8 /* RandomPoemViewModel.swift in Sources */,
				7004A9932C6A1AE200E336EE /* TamilKeyboardPopupView.swift in Sources */,
				709EFAE72C4ED0320018DB5C /* SavedPoemViewModel.swift in Sources */,
				70F86D3C2C490C8600799435 /* Book+CoreDataClass.swift in Sources */,
				70C7CF6F2C4AD63B00D4189B /* RandomPoemView.swift in Sources */,
				70F86D3D2C490C8600799435 /* Book+CoreDataProperties.swift in Sources */,
				7090CFFB2C5A73E000B23353 /* CreditsView.swift in Sources */,
				701216102C667B580025CCB2 /* HapticFeedback.swift in Sources */,
				70F86D3E2C490C8600799435 /* SubCategory+CoreDataClass.swift in Sources */,
				70F86D3F2C490C8600799435 /* SubCategory+CoreDataProperties.swift in Sources */,
				70068B642C5DFD18009543EB /* BookManager.swift in Sources */,
				70F86D402C490C8600799435 /* Section+CoreDataClass.swift in Sources */,
				70F86D412C490C8600799435 /* Section+CoreDataProperties.swift in Sources */,
				7090CFF92C5A6E9A00B23353 /* TamilKeyboardInstructionView.swift in Sources */,
				70F86D422C490C8600799435 /* Explanation+CoreDataClass.swift in Sources */,
				70F86D432C490C8600799435 /* Explanation+CoreDataProperties.swift in Sources */,
				703CD63B2C4E46E900509F46 /* BookDetailsView.swift in Sources */,
				70F86D442C490C8600799435 /* Settings+CoreDataClass.swift in Sources */,
				706632C72C6B146D00069555 /* FilterImage.swift in Sources */,
				702DF7A82C5210A10037D0BD /* PoemScreenshotView.swift in Sources */,
				70068B622C5DF7A5009543EB /* ThemeManager.swift in Sources */,
				70F86D452C490C8600799435 /* Settings+CoreDataProperties.swift in Sources */,
				70C057D42C54EB3200C10ABA /* AppDelegate.swift in Sources */,
				70FA4E912C706024008406E0 /* Poem+CoreDataClass.swift in Sources */,
				70FA4E922C706024008406E0 /* Poem+CoreDataProperties.swift in Sources */,
				7038CCE22C688EA4001C9841 /* ExplanationView.swift in Sources */,
				70824FBF2C56240900088810 /* ArticleView.swift in Sources */,
				70CE96F02C61FE9E0013F185 /* TextToSpeech.swift in Sources */,
				70206A6E2C4D566000B55EE6 /* BookSelectorView.swift in Sources */,
				70F86D462C490C8600799435 /* MainCategory+CoreDataClass.swift in Sources */,
				70F86D472C490C8600799435 /* MainCategory+CoreDataProperties.swift in Sources */,
				703CD63D2C4E470800509F46 /* BookDetailsViewModel.swift in Sources */,
				70F7709F2C08BBAD00D329C3 /* HomeView.swift in Sources */,
				705757142C626FCD00512AF9 /* SpeakButtonView.swift in Sources */,
				70A9082C2C68FB6C00DF5625 /* OnboardingView.swift in Sources */,
				7093B6752C398FFB00D38548 /* SingleCategoryView.swift in Sources */,
				7051D59B2C587A3A00CCED81 /* DailyPoemViewModel.swift in Sources */,
				702DF7AF2C527F0B0037D0BD /* SettingsView.swift in Sources */,
				70E739342C31559C00A4CF0E /* ExplanationListViewModel.swift in Sources */,
				70E739242C314A5F00A4CF0E /* PoemListView.swift in Sources */,
				701BFAD62C33B1C2008D2805 /* CategoryViewModel.swift in Sources */,
				70068B662C5DFF52009543EB /* BookTileView.swift in Sources */,
				7051D5BE2C58868B00CCED81 /* DailyPoem+CoreDataClass.swift in Sources */,
				7051D5BF2C58868B00CCED81 /* DailyPoem+CoreDataProperties.swift in Sources */,
				7051D5C22C58868B00CCED81 /* FavouritePoem+CoreDataClass.swift in Sources */,
				70CFF07A2C6E066800A5E959 /* PoemDetailWrapperView.swift in Sources */,
				70CE96EE2C61D5B70013F185 /* CustomFontScaling.swift in Sources */,
				7056974D2C63E3FC00D90D45 /* NavigationManager.swift in Sources */,
				7051D5C32C58868B00CCED81 /* FavouritePoem+CoreDataProperties.swift in Sources */,
				70824FC12C56558300088810 /* HTMLView.swift in Sources */,
				702240562B69653C00EF072B /* WrapView.swift in Sources */,
				700920042C3BCDFE0049C60C /* PoemListWithCategoryViewModel.swift in Sources */,
				70D47F802C5F87EE00E3DF88 /* ListBackgroundModifier.swift in Sources */,
				70EAE06D2B663CD800E4930D /* Tamil_LitApp.swift in Sources */,
				700920022C3BC14D0049C60C /* LoadingView.swift in Sources */,
				70A1E9432C4A565F00264AC8 /* SimplePoemDetailView.swift in Sources */,
				7099833E2C6EED9400061590 /* LastViewedPoemListView.swift in Sources */,
				7010CCBF2C6CF0B400630A96 /* LastFiveViewedPoemsView.swift in Sources */,
				70E739302C31530000A4CF0E /* PoemListViewModel.swift in Sources */,
				70DEF95A2C5402A800E72152 /* Constants.swift in Sources */,
				70C057D82C5535CE00C10ABA /* UserSettings.swift in Sources */,
				70824FC32C565FE400088810 /* HTMLLabel.swift in Sources */,
				70BA907A2C501E3F0003CAA5 /* SharePoem.swift in Sources */,
				70206A702C4D592400B55EE6 /* BookInfo.swift in Sources */,
			);
			runOnlyForDeploymentPostprocessing = 0;
		};
/* End PBXSourcesBuildPhase section */

/* Begin XCBuildConfiguration section */
		70EAE0772B663CDA00E4930D /* Debug */ = {
			isa = XCBuildConfiguration;
			buildSettings = {
				ALWAYS_SEARCH_USER_PATHS = NO;
				ASSETCATALOG_COMPILER_GENERATE_SWIFT_ASSET_SYMBOL_EXTENSIONS = YES;
				CLANG_ANALYZER_NONNULL = YES;
				CLANG_ANALYZER_NUMBER_OBJECT_CONVERSION = YES_AGGRESSIVE;
				CLANG_CXX_LANGUAGE_STANDARD = "gnu++20";
				CLANG_ENABLE_MODULES = YES;
				CLANG_ENABLE_OBJC_ARC = YES;
				CLANG_ENABLE_OBJC_WEAK = YES;
				CLANG_WARN_BLOCK_CAPTURE_AUTORELEASING = YES;
				CLANG_WARN_BOOL_CONVERSION = YES;
				CLANG_WARN_COMMA = YES;
				CLANG_WARN_CONSTANT_CONVERSION = YES;
				CLANG_WARN_DEPRECATED_OBJC_IMPLEMENTATIONS = YES;
				CLANG_WARN_DIRECT_OBJC_ISA_USAGE = YES_ERROR;
				CLANG_WARN_DOCUMENTATION_COMMENTS = YES;
				CLANG_WARN_EMPTY_BODY = YES;
				CLANG_WARN_ENUM_CONVERSION = YES;
				CLANG_WARN_INFINITE_RECURSION = YES;
				CLANG_WARN_INT_CONVERSION = YES;
				CLANG_WARN_NON_LITERAL_NULL_CONVERSION = YES;
				CLANG_WARN_OBJC_IMPLICIT_RETAIN_SELF = YES;
				CLANG_WARN_OBJC_LITERAL_CONVERSION = YES;
				CLANG_WARN_OBJC_ROOT_CLASS = YES_ERROR;
				CLANG_WARN_QUOTED_INCLUDE_IN_FRAMEWORK_HEADER = YES;
				CLANG_WARN_RANGE_LOOP_ANALYSIS = YES;
				CLANG_WARN_STRICT_PROTOTYPES = YES;
				CLANG_WARN_SUSPICIOUS_MOVE = YES;
				CLANG_WARN_UNGUARDED_AVAILABILITY = YES_AGGRESSIVE;
				CLANG_WARN_UNREACHABLE_CODE = YES;
				CLANG_WARN__DUPLICATE_METHOD_MATCH = YES;
				COPY_PHASE_STRIP = NO;
				DEBUG_INFORMATION_FORMAT = dwarf;
				ENABLE_STRICT_OBJC_MSGSEND = YES;
				ENABLE_TESTABILITY = YES;
				ENABLE_USER_SCRIPT_SANDBOXING = YES;
				GCC_C_LANGUAGE_STANDARD = gnu17;
				GCC_DYNAMIC_NO_PIC = NO;
				GCC_NO_COMMON_BLOCKS = YES;
				GCC_OPTIMIZATION_LEVEL = 0;
				GCC_PREPROCESSOR_DEFINITIONS = (
					"DEBUG=1",
					"$(inherited)",
				);
				GCC_WARN_64_TO_32_BIT_CONVERSION = YES;
				GCC_WARN_ABOUT_RETURN_TYPE = YES_ERROR;
				GCC_WARN_UNDECLARED_SELECTOR = YES;
				GCC_WARN_UNINITIALIZED_AUTOS = YES_AGGRESSIVE;
				GCC_WARN_UNUSED_FUNCTION = YES;
				GCC_WARN_UNUSED_VARIABLE = YES;
				IPHONEOS_DEPLOYMENT_TARGET = 15.0;
				LOCALIZATION_PREFERS_STRING_CATALOGS = YES;
				MTL_ENABLE_DEBUG_INFO = INCLUDE_SOURCE;
				MTL_FAST_MATH = YES;
				ONLY_ACTIVE_ARCH = YES;
				SDKROOT = iphoneos;
				SWIFT_ACTIVE_COMPILATION_CONDITIONS = "DEBUG $(inherited)";
				SWIFT_OPTIMIZATION_LEVEL = "-Onone";
			};
			name = Debug;
		};
		70EAE0782B663CDA00E4930D /* Release */ = {
			isa = XCBuildConfiguration;
			buildSettings = {
				ALWAYS_SEARCH_USER_PATHS = NO;
				ASSETCATALOG_COMPILER_GENERATE_SWIFT_ASSET_SYMBOL_EXTENSIONS = YES;
				CLANG_ANALYZER_NONNULL = YES;
				CLANG_ANALYZER_NUMBER_OBJECT_CONVERSION = YES_AGGRESSIVE;
				CLANG_CXX_LANGUAGE_STANDARD = "gnu++20";
				CLANG_ENABLE_MODULES = YES;
				CLANG_ENABLE_OBJC_ARC = YES;
				CLANG_ENABLE_OBJC_WEAK = YES;
				CLANG_WARN_BLOCK_CAPTURE_AUTORELEASING = YES;
				CLANG_WARN_BOOL_CONVERSION = YES;
				CLANG_WARN_COMMA = YES;
				CLANG_WARN_CONSTANT_CONVERSION = YES;
				CLANG_WARN_DEPRECATED_OBJC_IMPLEMENTATIONS = YES;
				CLANG_WARN_DIRECT_OBJC_ISA_USAGE = YES_ERROR;
				CLANG_WARN_DOCUMENTATION_COMMENTS = YES;
				CLANG_WARN_EMPTY_BODY = YES;
				CLANG_WARN_ENUM_CONVERSION = YES;
				CLANG_WARN_INFINITE_RECURSION = YES;
				CLANG_WARN_INT_CONVERSION = YES;
				CLANG_WARN_NON_LITERAL_NULL_CONVERSION = YES;
				CLANG_WARN_OBJC_IMPLICIT_RETAIN_SELF = YES;
				CLANG_WARN_OBJC_LITERAL_CONVERSION = YES;
				CLANG_WARN_OBJC_ROOT_CLASS = YES_ERROR;
				CLANG_WARN_QUOTED_INCLUDE_IN_FRAMEWORK_HEADER = YES;
				CLANG_WARN_RANGE_LOOP_ANALYSIS = YES;
				CLANG_WARN_STRICT_PROTOTYPES = YES;
				CLANG_WARN_SUSPICIOUS_MOVE = YES;
				CLANG_WARN_UNGUARDED_AVAILABILITY = YES_AGGRESSIVE;
				CLANG_WARN_UNREACHABLE_CODE = YES;
				CLANG_WARN__DUPLICATE_METHOD_MATCH = YES;
				COPY_PHASE_STRIP = NO;
				DEBUG_INFORMATION_FORMAT = "dwarf-with-dsym";
				ENABLE_NS_ASSERTIONS = NO;
				ENABLE_STRICT_OBJC_MSGSEND = YES;
				ENABLE_USER_SCRIPT_SANDBOXING = YES;
				GCC_C_LANGUAGE_STANDARD = gnu17;
				GCC_NO_COMMON_BLOCKS = YES;
				GCC_WARN_64_TO_32_BIT_CONVERSION = YES;
				GCC_WARN_ABOUT_RETURN_TYPE = YES_ERROR;
				GCC_WARN_UNDECLARED_SELECTOR = YES;
				GCC_WARN_UNINITIALIZED_AUTOS = YES_AGGRESSIVE;
				GCC_WARN_UNUSED_FUNCTION = YES;
				GCC_WARN_UNUSED_VARIABLE = YES;
				IPHONEOS_DEPLOYMENT_TARGET = 15.0;
				LOCALIZATION_PREFERS_STRING_CATALOGS = YES;
				MTL_ENABLE_DEBUG_INFO = NO;
				MTL_FAST_MATH = YES;
				SDKROOT = iphoneos;
				SWIFT_COMPILATION_MODE = wholemodule;
				VALIDATE_PRODUCT = YES;
			};
			name = Release;
		};
		70EAE07A2B663CDA00E4930D /* Debug */ = {
			isa = XCBuildConfiguration;
			buildSettings = {
				ASSETCATALOG_COMPILER_APPICON_NAME = AppIcon;
				ASSETCATALOG_COMPILER_GLOBAL_ACCENT_COLOR_NAME = AccentColor;
				CODE_SIGN_ENTITLEMENTS = "Tamil Lit/Tamil Lit.entitlements";
				CODE_SIGN_STYLE = Automatic;
				CURRENT_PROJECT_VERSION = 1;
				DEVELOPMENT_ASSET_PATHS = "\"Tamil Lit/Preview Content\"";
				DEVELOPMENT_TEAM = G6KL98HCPY;
				ENABLE_PREVIEWS = YES;
				GENERATE_INFOPLIST_FILE = YES;
				INFOPLIST_FILE = "Tamil-Lit-Info.plist";
				INFOPLIST_KEY_CFBundleDisplayName = "Tamil Lit";
				INFOPLIST_KEY_LSApplicationCategoryType = "";
				INFOPLIST_KEY_NSPhotoLibraryUsageDescription = "To save poem screenshots to your photo library.";
				INFOPLIST_KEY_UIApplicationSceneManifest_Generation = YES;
				INFOPLIST_KEY_UIApplicationSupportsIndirectInputEvents = YES;
				INFOPLIST_KEY_UILaunchScreen_Generation = YES;
				INFOPLIST_KEY_UILaunchStoryboardName = "Launch Screen.storyboard";
				INFOPLIST_KEY_UISupportedInterfaceOrientations_iPad = "UIInterfaceOrientationPortrait UIInterfaceOrientationPortraitUpsideDown UIInterfaceOrientationLandscapeLeft UIInterfaceOrientationLandscapeRight";
				INFOPLIST_KEY_UISupportedInterfaceOrientations_iPhone = "UIInterfaceOrientationPortrait UIInterfaceOrientationLandscapeLeft UIInterfaceOrientationLandscapeRight";
				IPHONEOS_DEPLOYMENT_TARGET = 15.0;
				LD_RUNPATH_SEARCH_PATHS = (
					"$(inherited)",
					"@executable_path/Frameworks",
				);
				MARKETING_VERSION = 1.0;
				PRODUCT_BUNDLE_IDENTIFIER = "in.selvarajan.tamil-lit";
				PRODUCT_NAME = "$(TARGET_NAME)";
				SUPPORTED_PLATFORMS = "iphoneos iphonesimulator";
				SUPPORTS_MACCATALYST = NO;
				SUPPORTS_MAC_DESIGNED_FOR_IPHONE_IPAD = NO;
				SUPPORTS_XR_DESIGNED_FOR_IPHONE_IPAD = NO;
				SWIFT_EMIT_LOC_STRINGS = YES;
				SWIFT_VERSION = 5.0;
				TARGETED_DEVICE_FAMILY = 1;
			};
			name = Debug;
		};
		70EAE07B2B663CDA00E4930D /* Release */ = {
			isa = XCBuildConfiguration;
			buildSettings = {
				ASSETCATALOG_COMPILER_APPICON_NAME = AppIcon;
				ASSETCATALOG_COMPILER_GLOBAL_ACCENT_COLOR_NAME = AccentColor;
				CODE_SIGN_ENTITLEMENTS = "Tamil Lit/Tamil Lit.entitlements";
				CODE_SIGN_STYLE = Automatic;
				CURRENT_PROJECT_VERSION = 1;
				DEVELOPMENT_ASSET_PATHS = "\"Tamil Lit/Preview Content\"";
				DEVELOPMENT_TEAM = G6KL98HCPY;
				ENABLE_PREVIEWS = YES;
				GENERATE_INFOPLIST_FILE = YES;
				INFOPLIST_FILE = "Tamil-Lit-Info.plist";
				INFOPLIST_KEY_CFBundleDisplayName = "Tamil Lit";
				INFOPLIST_KEY_LSApplicationCategoryType = "";
				INFOPLIST_KEY_NSPhotoLibraryUsageDescription = "To save poem screenshots to your photo library.";
				INFOPLIST_KEY_UIApplicationSceneManifest_Generation = YES;
				INFOPLIST_KEY_UIApplicationSupportsIndirectInputEvents = YES;
				INFOPLIST_KEY_UILaunchScreen_Generation = YES;
				INFOPLIST_KEY_UILaunchStoryboardName = "Launch Screen.storyboard";
				INFOPLIST_KEY_UISupportedInterfaceOrientations_iPad = "UIInterfaceOrientationPortrait UIInterfaceOrientationPortraitUpsideDown UIInterfaceOrientationLandscapeLeft UIInterfaceOrientationLandscapeRight";
				INFOPLIST_KEY_UISupportedInterfaceOrientations_iPhone = "UIInterfaceOrientationPortrait UIInterfaceOrientationLandscapeLeft UIInterfaceOrientationLandscapeRight";
				IPHONEOS_DEPLOYMENT_TARGET = 15.0;
				LD_RUNPATH_SEARCH_PATHS = (
					"$(inherited)",
					"@executable_path/Frameworks",
				);
				MARKETING_VERSION = 1.0;
				PRODUCT_BUNDLE_IDENTIFIER = "in.selvarajan.tamil-lit";
				PRODUCT_NAME = "$(TARGET_NAME)";
				SUPPORTED_PLATFORMS = "iphoneos iphonesimulator";
				SUPPORTS_MACCATALYST = NO;
				SUPPORTS_MAC_DESIGNED_FOR_IPHONE_IPAD = NO;
				SUPPORTS_XR_DESIGNED_FOR_IPHONE_IPAD = NO;
				SWIFT_EMIT_LOC_STRINGS = YES;
				SWIFT_VERSION = 5.0;
				TARGETED_DEVICE_FAMILY = 1;
			};
			name = Release;
		};
/* End XCBuildConfiguration section */

/* Begin XCConfigurationList section */
		70EAE0642B663CD800E4930D /* Build configuration list for PBXProject "Tamil Lit" */ = {
			isa = XCConfigurationList;
			buildConfigurations = (
				70EAE0772B663CDA00E4930D /* Debug */,
				70EAE0782B663CDA00E4930D /* Release */,
			);
			defaultConfigurationIsVisible = 0;
			defaultConfigurationName = Release;
		};
		70EAE0792B663CDA00E4930D /* Build configuration list for PBXNativeTarget "Tamil Lit" */ = {
			isa = XCConfigurationList;
			buildConfigurations = (
				70EAE07A2B663CDA00E4930D /* Debug */,
				70EAE07B2B663CDA00E4930D /* Release */,
			);
			defaultConfigurationIsVisible = 0;
			defaultConfigurationName = Release;
		};
/* End XCConfigurationList section */

/* Begin XCRemoteSwiftPackageReference section */
		70206A6A2C4D421900B55EE6 /* XCRemoteSwiftPackageReference "PopupView" */ = {
			isa = XCRemoteSwiftPackageReference;
			repositoryURL = "https://github.com/exyte/PopupView.git";
			requirement = {
				kind = upToNextMajorVersion;
				minimumVersion = 3.0.4;
			};
		};
		703145392C6BD10F00BA0059 /* XCRemoteSwiftPackageReference "SwiftSDK" */ = {
			isa = XCRemoteSwiftPackageReference;
			repositoryURL = "https://github.com/TelemetryDeck/SwiftSDK";
			requirement = {
				kind = upToNextMajorVersion;
				minimumVersion = 2.3.0;
			};
		};
		70824FC42C569FF600088810 /* XCRemoteSwiftPackageReference "swift-markdown-ui" */ = {
			isa = XCRemoteSwiftPackageReference;
			repositoryURL = "https://github.com/gonzalezreal/swift-markdown-ui";
			requirement = {
				kind = upToNextMajorVersion;
				minimumVersion = 2.3.1;
			};
		};
/* End XCRemoteSwiftPackageReference section */

/* Begin XCSwiftPackageProductDependency section */
		70206A6B2C4D421900B55EE6 /* PopupView */ = {
			isa = XCSwiftPackageProductDependency;
			package = 70206A6A2C4D421900B55EE6 /* XCRemoteSwiftPackageReference "PopupView" */;
			productName = PopupView;
		};
		7031453A2C6BD10F00BA0059 /* TelemetryDeck */ = {
			isa = XCSwiftPackageProductDependency;
			package = 703145392C6BD10F00BA0059 /* XCRemoteSwiftPackageReference "SwiftSDK" */;
			productName = TelemetryDeck;
		};
		70824FC52C569FF600088810 /* MarkdownUI */ = {
			isa = XCSwiftPackageProductDependency;
			package = 70824FC42C569FF600088810 /* XCRemoteSwiftPackageReference "swift-markdown-ui" */;
			productName = MarkdownUI;
		};
/* End XCSwiftPackageProductDependency section */

/* Begin XCVersionGroup section */
		70E729802C230C7D00DE5977 /* TamilLitDB.xcdatamodeld */ = {
			isa = XCVersionGroup;
			children = (
				70E729812C230C7D00DE5977 /* TamilLitDB.xcdatamodel */,
			);
			currentVersion = 70E729812C230C7D00DE5977 /* TamilLitDB.xcdatamodel */;
			path = TamilLitDB.xcdatamodeld;
			sourceTree = "<group>";
			versionGroupType = wrapper.xcdatamodel;
		};
/* End XCVersionGroup section */
	};
	rootObject = 70EAE0612B663CD800E4930D /* Project object */;
}
