// !$*UTF8*$!
{
	archiveVersion = 1;
	classes = {
	};
	objectVersion = 56;
	objects = {

/* Begin PBXBuildFile section */
		701621CA2B66C30B003054AF /* AthichudiHomeView.swift in Sources */ = {isa = PBXBuildFile; fileRef = 701621C92B66C30B003054AF /* AthichudiHomeView.swift */; };
		701621CC2B66C40C003054AF /* AthichudiListView.swift in Sources */ = {isa = PBXBuildFile; fileRef = 701621CB2B66C40C003054AF /* AthichudiListView.swift */; };
		701621CE2B66C424003054AF /* AthichudiDetailView.swift in Sources */ = {isa = PBXBuildFile; fileRef = 701621CD2B66C424003054AF /* AthichudiDetailView.swift */; };
		701621D02B66C434003054AF /* AthichudiModel.swift in Sources */ = {isa = PBXBuildFile; fileRef = 701621CF2B66C434003054AF /* AthichudiModel.swift */; };
		701621D22B66CBB6003054AF /* AthichudiViewModel.swift in Sources */ = {isa = PBXBuildFile; fileRef = 701621D12B66CBB6003054AF /* AthichudiViewModel.swift */; };
		702240562B69653C00EF072B /* WrapView.swift in Sources */ = {isa = PBXBuildFile; fileRef = 702240552B69653C00EF072B /* WrapView.swift */; };
		70685E412B664467001EB657 /* KuralDetailView.swift in Sources */ = {isa = PBXBuildFile; fileRef = 70685E402B664467001EB657 /* KuralDetailView.swift */; };
		70685E432B66453E001EB657 /* KuralHomeView.swift in Sources */ = {isa = PBXBuildFile; fileRef = 70685E422B66453E001EB657 /* KuralHomeView.swift */; };
		70685E452B669161001EB657 /* KuralViewModel.swift in Sources */ = {isa = PBXBuildFile; fileRef = 70685E442B669161001EB657 /* KuralViewModel.swift */; };
		70A435762B6911F50019DBEC /* KuralCategoryView.swift in Sources */ = {isa = PBXBuildFile; fileRef = 70A435752B6911F50019DBEC /* KuralCategoryView.swift */; };
		70A435782B6914F00019DBEC /* kural-category.json in Resources */ = {isa = PBXBuildFile; fileRef = 70A435772B6914F00019DBEC /* kural-category.json */; };
		70A4357A2B6916210019DBEC /* KuralCategoryModel.swift in Sources */ = {isa = PBXBuildFile; fileRef = 70A435792B6916210019DBEC /* KuralCategoryModel.swift */; };
		70C50C622B6BC8F400D30338 /* HomeView.swift in Sources */ = {isa = PBXBuildFile; fileRef = 70C50C612B6BC8F400D30338 /* HomeView.swift */; };
		70EAE06D2B663CD800E4930D /* Tamil_LitApp.swift in Sources */ = {isa = PBXBuildFile; fileRef = 70EAE06C2B663CD800E4930D /* Tamil_LitApp.swift */; };
		70EAE0732B663CDA00E4930D /* Assets.xcassets in Resources */ = {isa = PBXBuildFile; fileRef = 70EAE0722B663CDA00E4930D /* Assets.xcassets */; };
		70EAE0762B663CDA00E4930D /* Preview Assets.xcassets in Resources */ = {isa = PBXBuildFile; fileRef = 70EAE0752B663CDA00E4930D /* Preview Assets.xcassets */; };
		70EAE0812B663E3000E4930D /* thirukkural.json in Resources */ = {isa = PBXBuildFile; fileRef = 70EAE07F2B663E3000E4930D /* thirukkural.json */; };
		70EAE0822B663E3000E4930D /* athichudi.json in Resources */ = {isa = PBXBuildFile; fileRef = 70EAE0802B663E3000E4930D /* athichudi.json */; };
		70EAE0842B66420400E4930D /* README.md in Resources */ = {isa = PBXBuildFile; fileRef = 70EAE0832B66420400E4930D /* README.md */; };
		70EAE0882B66434000E4930D /* KuralModel.swift in Sources */ = {isa = PBXBuildFile; fileRef = 70EAE0872B66434000E4930D /* KuralModel.swift */; };
		70EAE08A2B6643F100E4930D /* KuralListView.swift in Sources */ = {isa = PBXBuildFile; fileRef = 70EAE0892B6643F100E4930D /* KuralListView.swift */; };
/* End PBXBuildFile section */

/* Begin PBXFileReference section */
		701621C92B66C30B003054AF /* AthichudiHomeView.swift */ = {isa = PBXFileReference; lastKnownFileType = sourcecode.swift; path = AthichudiHomeView.swift; sourceTree = "<group>"; };
		701621CB2B66C40C003054AF /* AthichudiListView.swift */ = {isa = PBXFileReference; lastKnownFileType = sourcecode.swift; path = AthichudiListView.swift; sourceTree = "<group>"; };
		701621CD2B66C424003054AF /* AthichudiDetailView.swift */ = {isa = PBXFileReference; lastKnownFileType = sourcecode.swift; path = AthichudiDetailView.swift; sourceTree = "<group>"; };
		701621CF2B66C434003054AF /* AthichudiModel.swift */ = {isa = PBXFileReference; lastKnownFileType = sourcecode.swift; path = AthichudiModel.swift; sourceTree = "<group>"; };
		701621D12B66CBB6003054AF /* AthichudiViewModel.swift */ = {isa = PBXFileReference; lastKnownFileType = sourcecode.swift; path = AthichudiViewModel.swift; sourceTree = "<group>"; };
		702240552B69653C00EF072B /* WrapView.swift */ = {isa = PBXFileReference; lastKnownFileType = sourcecode.swift; path = WrapView.swift; sourceTree = "<group>"; };
		70685E402B664467001EB657 /* KuralDetailView.swift */ = {isa = PBXFileReference; lastKnownFileType = sourcecode.swift; path = KuralDetailView.swift; sourceTree = "<group>"; };
		70685E422B66453E001EB657 /* KuralHomeView.swift */ = {isa = PBXFileReference; lastKnownFileType = sourcecode.swift; path = KuralHomeView.swift; sourceTree = "<group>"; };
		70685E442B669161001EB657 /* KuralViewModel.swift */ = {isa = PBXFileReference; lastKnownFileType = sourcecode.swift; path = KuralViewModel.swift; sourceTree = "<group>"; };
		70A435752B6911F50019DBEC /* KuralCategoryView.swift */ = {isa = PBXFileReference; lastKnownFileType = sourcecode.swift; path = KuralCategoryView.swift; sourceTree = "<group>"; };
		70A435772B6914F00019DBEC /* kural-category.json */ = {isa = PBXFileReference; fileEncoding = 4; lastKnownFileType = text.json; path = "kural-category.json"; sourceTree = "<group>"; };
		70A435792B6916210019DBEC /* KuralCategoryModel.swift */ = {isa = PBXFileReference; lastKnownFileType = sourcecode.swift; path = KuralCategoryModel.swift; sourceTree = "<group>"; };
		70C50C612B6BC8F400D30338 /* HomeView.swift */ = {isa = PBXFileReference; lastKnownFileType = sourcecode.swift; path = HomeView.swift; sourceTree = "<group>"; };
		70EAE0692B663CD800E4930D /* Tamil Lit.app */ = {isa = PBXFileReference; explicitFileType = wrapper.application; includeInIndex = 0; path = "Tamil Lit.app"; sourceTree = BUILT_PRODUCTS_DIR; };
		70EAE06C2B663CD800E4930D /* Tamil_LitApp.swift */ = {isa = PBXFileReference; lastKnownFileType = sourcecode.swift; path = Tamil_LitApp.swift; sourceTree = "<group>"; };
		70EAE0722B663CDA00E4930D /* Assets.xcassets */ = {isa = PBXFileReference; lastKnownFileType = folder.assetcatalog; path = Assets.xcassets; sourceTree = "<group>"; };
		70EAE0752B663CDA00E4930D /* Preview Assets.xcassets */ = {isa = PBXFileReference; lastKnownFileType = folder.assetcatalog; path = "Preview Assets.xcassets"; sourceTree = "<group>"; };
		70EAE07F2B663E3000E4930D /* thirukkural.json */ = {isa = PBXFileReference; fileEncoding = 4; lastKnownFileType = text.json; path = thirukkural.json; sourceTree = "<group>"; };
		70EAE0802B663E3000E4930D /* athichudi.json */ = {isa = PBXFileReference; fileEncoding = 4; lastKnownFileType = text.json; path = athichudi.json; sourceTree = "<group>"; };
		70EAE0832B66420400E4930D /* README.md */ = {isa = PBXFileReference; fileEncoding = 4; lastKnownFileType = net.daringfireball.markdown; path = README.md; sourceTree = "<group>"; };
		70EAE0872B66434000E4930D /* KuralModel.swift */ = {isa = PBXFileReference; lastKnownFileType = sourcecode.swift; path = KuralModel.swift; sourceTree = "<group>"; };
		70EAE0892B6643F100E4930D /* KuralListView.swift */ = {isa = PBXFileReference; lastKnownFileType = sourcecode.swift; path = KuralListView.swift; sourceTree = "<group>"; };
/* End PBXFileReference section */

/* Begin PBXFrameworksBuildPhase section */
		70EAE0662B663CD800E4930D /* Frameworks */ = {
			isa = PBXFrameworksBuildPhase;
			buildActionMask = 2147483647;
			files = (
			);
			runOnlyForDeploymentPostprocessing = 0;
		};
/* End PBXFrameworksBuildPhase section */

/* Begin PBXGroup section */
		701621C82B66C2E1003054AF /* Athichudi */ = {
			isa = PBXGroup;
			children = (
				7022405A2B697C6900EF072B /* Views */,
				702240592B697C5000EF072B /* Model */,
			);
			path = Athichudi;
			sourceTree = "<group>";
		};
		702240542B69652000EF072B /* Helper */ = {
			isa = PBXGroup;
			children = (
				702240552B69653C00EF072B /* WrapView.swift */,
			);
			path = Helper;
			sourceTree = "<group>";
		};
		702240572B69712500EF072B /* Model */ = {
			isa = PBXGroup;
			children = (
				70685E442B669161001EB657 /* KuralViewModel.swift */,
				70A435792B6916210019DBEC /* KuralCategoryModel.swift */,
				70EAE0872B66434000E4930D /* KuralModel.swift */,
			);
			path = Model;
			sourceTree = "<group>";
		};
		702240582B69712B00EF072B /* Views */ = {
			isa = PBXGroup;
			children = (
				70EAE0892B6643F100E4930D /* KuralListView.swift */,
				70685E402B664467001EB657 /* KuralDetailView.swift */,
				70685E422B66453E001EB657 /* KuralHomeView.swift */,
				70A435752B6911F50019DBEC /* KuralCategoryView.swift */,
			);
			path = Views;
			sourceTree = "<group>";
		};
		702240592B697C5000EF072B /* Model */ = {
			isa = PBXGroup;
			children = (
				701621CF2B66C434003054AF /* AthichudiModel.swift */,
				701621D12B66CBB6003054AF /* AthichudiViewModel.swift */,
			);
			path = Model;
			sourceTree = "<group>";
		};
		7022405A2B697C6900EF072B /* Views */ = {
			isa = PBXGroup;
			children = (
				701621C92B66C30B003054AF /* AthichudiHomeView.swift */,
				701621CB2B66C40C003054AF /* AthichudiListView.swift */,
				701621CD2B66C424003054AF /* AthichudiDetailView.swift */,
			);
			path = Views;
			sourceTree = "<group>";
		};
		70EAE0602B663CD800E4930D = {
			isa = PBXGroup;
			children = (
				70EAE0832B66420400E4930D /* README.md */,
				70EAE06B2B663CD800E4930D /* Tamil Lit */,
				70EAE06A2B663CD800E4930D /* Products */,
			);
			sourceTree = "<group>";
		};
		70EAE06A2B663CD800E4930D /* Products */ = {
			isa = PBXGroup;
			children = (
				70EAE0692B663CD800E4930D /* Tamil Lit.app */,
			);
			name = Products;
			sourceTree = "<group>";
		};
		70EAE06B2B663CD800E4930D /* Tamil Lit */ = {
			isa = PBXGroup;
			children = (
				702240542B69652000EF072B /* Helper */,
				701621C82B66C2E1003054AF /* Athichudi */,
				70EAE0852B6642DA00E4930D /* Thirukural */,
				70EAE07E2B663E0400E4930D /* Resources */,
				70EAE06C2B663CD800E4930D /* Tamil_LitApp.swift */,
				70C50C612B6BC8F400D30338 /* HomeView.swift */,
				70EAE0722B663CDA00E4930D /* Assets.xcassets */,
				70EAE0742B663CDA00E4930D /* Preview Content */,
			);
			path = "Tamil Lit";
			sourceTree = "<group>";
		};
		70EAE0742B663CDA00E4930D /* Preview Content */ = {
			isa = PBXGroup;
			children = (
				70EAE0752B663CDA00E4930D /* Preview Assets.xcassets */,
			);
			path = "Preview Content";
			sourceTree = "<group>";
		};
		70EAE07E2B663E0400E4930D /* Resources */ = {
			isa = PBXGroup;
			children = (
				70A435772B6914F00019DBEC /* kural-category.json */,
				70EAE0802B663E3000E4930D /* athichudi.json */,
				70EAE07F2B663E3000E4930D /* thirukkural.json */,
			);
			path = Resources;
			sourceTree = "<group>";
		};
		70EAE0852B6642DA00E4930D /* Thirukural */ = {
			isa = PBXGroup;
			children = (
				702240582B69712B00EF072B /* Views */,
				702240572B69712500EF072B /* Model */,
			);
			path = Thirukural;
			sourceTree = "<group>";
		};
/* End PBXGroup section */

/* Begin PBXNativeTarget section */
		70EAE0682B663CD800E4930D /* Tamil Lit */ = {
			isa = PBXNativeTarget;
			buildConfigurationList = 70EAE0792B663CDA00E4930D /* Build configuration list for PBXNativeTarget "Tamil Lit" */;
			buildPhases = (
				70EAE0652B663CD800E4930D /* Sources */,
				70EAE0662B663CD800E4930D /* Frameworks */,
				70EAE0672B663CD800E4930D /* Resources */,
			);
			buildRules = (
			);
			dependencies = (
			);
			name = "Tamil Lit";
			productName = "Tamil Lit";
			productReference = 70EAE0692B663CD800E4930D /* Tamil Lit.app */;
			productType = "com.apple.product-type.application";
		};
/* End PBXNativeTarget section */

/* Begin PBXProject section */
		70EAE0612B663CD800E4930D /* Project object */ = {
			isa = PBXProject;
			attributes = {
				BuildIndependentTargetsInParallel = 1;
				LastSwiftUpdateCheck = 1520;
				LastUpgradeCheck = 1520;
				TargetAttributes = {
					70EAE0682B663CD800E4930D = {
						CreatedOnToolsVersion = 15.2;
					};
				};
			};
			buildConfigurationList = 70EAE0642B663CD800E4930D /* Build configuration list for PBXProject "Tamil Lit" */;
			compatibilityVersion = "Xcode 14.0";
			developmentRegion = en;
			hasScannedForEncodings = 0;
			knownRegions = (
				en,
				Base,
			);
			mainGroup = 70EAE0602B663CD800E4930D;
			productRefGroup = 70EAE06A2B663CD800E4930D /* Products */;
			projectDirPath = "";
			projectRoot = "";
			targets = (
				70EAE0682B663CD800E4930D /* Tamil Lit */,
			);
		};
/* End PBXProject section */

/* Begin PBXResourcesBuildPhase section */
		70EAE0672B663CD800E4930D /* Resources */ = {
			isa = PBXResourcesBuildPhase;
			buildActionMask = 2147483647;
			files = (
				70EAE0812B663E3000E4930D /* thirukkural.json in Resources */,
				70EAE0762B663CDA00E4930D /* Preview Assets.xcassets in Resources */,
				70EAE0842B66420400E4930D /* README.md in Resources */,
				70A435782B6914F00019DBEC /* kural-category.json in Resources */,
				70EAE0822B663E3000E4930D /* athichudi.json in Resources */,
				70EAE0732B663CDA00E4930D /* Assets.xcassets in Resources */,
			);
			runOnlyForDeploymentPostprocessing = 0;
		};
/* End PBXResourcesBuildPhase section */

/* Begin PBXSourcesBuildPhase section */
		70EAE0652B663CD800E4930D /* Sources */ = {
			isa = PBXSourcesBuildPhase;
			buildActionMask = 2147483647;
			files = (
				70EAE08A2B6643F100E4930D /* KuralListView.swift in Sources */,
				701621CA2B66C30B003054AF /* AthichudiHomeView.swift in Sources */,
				701621D02B66C434003054AF /* AthichudiModel.swift in Sources */,
				70C50C622B6BC8F400D30338 /* HomeView.swift in Sources */,
				70A4357A2B6916210019DBEC /* KuralCategoryModel.swift in Sources */,
				70685E452B669161001EB657 /* KuralViewModel.swift in Sources */,
				70EAE0882B66434000E4930D /* KuralModel.swift in Sources */,
				70685E412B664467001EB657 /* KuralDetailView.swift in Sources */,
				701621CE2B66C424003054AF /* AthichudiDetailView.swift in Sources */,
				701621CC2B66C40C003054AF /* AthichudiListView.swift in Sources */,
				70685E432B66453E001EB657 /* KuralHomeView.swift in Sources */,
				702240562B69653C00EF072B /* WrapView.swift in Sources */,
				70EAE06D2B663CD800E4930D /* Tamil_LitApp.swift in Sources */,
				70A435762B6911F50019DBEC /* KuralCategoryView.swift in Sources */,
				701621D22B66CBB6003054AF /* AthichudiViewModel.swift in Sources */,
			);
			runOnlyForDeploymentPostprocessing = 0;
		};
/* End PBXSourcesBuildPhase section */

/* Begin XCBuildConfiguration section */
		70EAE0772B663CDA00E4930D /* Debug */ = {
			isa = XCBuildConfiguration;
			buildSettings = {
				ALWAYS_SEARCH_USER_PATHS = NO;
				ASSETCATALOG_COMPILER_GENERATE_SWIFT_ASSET_SYMBOL_EXTENSIONS = YES;
				CLANG_ANALYZER_NONNULL = YES;
				CLANG_ANALYZER_NUMBER_OBJECT_CONVERSION = YES_AGGRESSIVE;
				CLANG_CXX_LANGUAGE_STANDARD = "gnu++20";
				CLANG_ENABLE_MODULES = YES;
				CLANG_ENABLE_OBJC_ARC = YES;
				CLANG_ENABLE_OBJC_WEAK = YES;
				CLANG_WARN_BLOCK_CAPTURE_AUTORELEASING = YES;
				CLANG_WARN_BOOL_CONVERSION = YES;
				CLANG_WARN_COMMA = YES;
				CLANG_WARN_CONSTANT_CONVERSION = YES;
				CLANG_WARN_DEPRECATED_OBJC_IMPLEMENTATIONS = YES;
				CLANG_WARN_DIRECT_OBJC_ISA_USAGE = YES_ERROR;
				CLANG_WARN_DOCUMENTATION_COMMENTS = YES;
				CLANG_WARN_EMPTY_BODY = YES;
				CLANG_WARN_ENUM_CONVERSION = YES;
				CLANG_WARN_INFINITE_RECURSION = YES;
				CLANG_WARN_INT_CONVERSION = YES;
				CLANG_WARN_NON_LITERAL_NULL_CONVERSION = YES;
				CLANG_WARN_OBJC_IMPLICIT_RETAIN_SELF = YES;
				CLANG_WARN_OBJC_LITERAL_CONVERSION = YES;
				CLANG_WARN_OBJC_ROOT_CLASS = YES_ERROR;
				CLANG_WARN_QUOTED_INCLUDE_IN_FRAMEWORK_HEADER = YES;
				CLANG_WARN_RANGE_LOOP_ANALYSIS = YES;
				CLANG_WARN_STRICT_PROTOTYPES = YES;
				CLANG_WARN_SUSPICIOUS_MOVE = YES;
				CLANG_WARN_UNGUARDED_AVAILABILITY = YES_AGGRESSIVE;
				CLANG_WARN_UNREACHABLE_CODE = YES;
				CLANG_WARN__DUPLICATE_METHOD_MATCH = YES;
				COPY_PHASE_STRIP = NO;
				DEBUG_INFORMATION_FORMAT = dwarf;
				ENABLE_STRICT_OBJC_MSGSEND = YES;
				ENABLE_TESTABILITY = YES;
				ENABLE_USER_SCRIPT_SANDBOXING = YES;
				GCC_C_LANGUAGE_STANDARD = gnu17;
				GCC_DYNAMIC_NO_PIC = NO;
				GCC_NO_COMMON_BLOCKS = YES;
				GCC_OPTIMIZATION_LEVEL = 0;
				GCC_PREPROCESSOR_DEFINITIONS = (
					"DEBUG=1",
					"$(inherited)",
				);
				GCC_WARN_64_TO_32_BIT_CONVERSION = YES;
				GCC_WARN_ABOUT_RETURN_TYPE = YES_ERROR;
				GCC_WARN_UNDECLARED_SELECTOR = YES;
				GCC_WARN_UNINITIALIZED_AUTOS = YES_AGGRESSIVE;
				GCC_WARN_UNUSED_FUNCTION = YES;
				GCC_WARN_UNUSED_VARIABLE = YES;
				IPHONEOS_DEPLOYMENT_TARGET = 17.2;
				LOCALIZATION_PREFERS_STRING_CATALOGS = YES;
				MTL_ENABLE_DEBUG_INFO = INCLUDE_SOURCE;
				MTL_FAST_MATH = YES;
				ONLY_ACTIVE_ARCH = YES;
				SDKROOT = iphoneos;
				SWIFT_ACTIVE_COMPILATION_CONDITIONS = "DEBUG $(inherited)";
				SWIFT_OPTIMIZATION_LEVEL = "-Onone";
			};
			name = Debug;
		};
		70EAE0782B663CDA00E4930D /* Release */ = {
			isa = XCBuildConfiguration;
			buildSettings = {
				ALWAYS_SEARCH_USER_PATHS = NO;
				ASSETCATALOG_COMPILER_GENERATE_SWIFT_ASSET_SYMBOL_EXTENSIONS = YES;
				CLANG_ANALYZER_NONNULL = YES;
				CLANG_ANALYZER_NUMBER_OBJECT_CONVERSION = YES_AGGRESSIVE;
				CLANG_CXX_LANGUAGE_STANDARD = "gnu++20";
				CLANG_ENABLE_MODULES = YES;
				CLANG_ENABLE_OBJC_ARC = YES;
				CLANG_ENABLE_OBJC_WEAK = YES;
				CLANG_WARN_BLOCK_CAPTURE_AUTORELEASING = YES;
				CLANG_WARN_BOOL_CONVERSION = YES;
				CLANG_WARN_COMMA = YES;
				CLANG_WARN_CONSTANT_CONVERSION = YES;
				CLANG_WARN_DEPRECATED_OBJC_IMPLEMENTATIONS = YES;
				CLANG_WARN_DIRECT_OBJC_ISA_USAGE = YES_ERROR;
				CLANG_WARN_DOCUMENTATION_COMMENTS = YES;
				CLANG_WARN_EMPTY_BODY = YES;
				CLANG_WARN_ENUM_CONVERSION = YES;
				CLANG_WARN_INFINITE_RECURSION = YES;
				CLANG_WARN_INT_CONVERSION = YES;
				CLANG_WARN_NON_LITERAL_NULL_CONVERSION = YES;
				CLANG_WARN_OBJC_IMPLICIT_RETAIN_SELF = YES;
				CLANG_WARN_OBJC_LITERAL_CONVERSION = YES;
				CLANG_WARN_OBJC_ROOT_CLASS = YES_ERROR;
				CLANG_WARN_QUOTED_INCLUDE_IN_FRAMEWORK_HEADER = YES;
				CLANG_WARN_RANGE_LOOP_ANALYSIS = YES;
				CLANG_WARN_STRICT_PROTOTYPES = YES;
				CLANG_WARN_SUSPICIOUS_MOVE = YES;
				CLANG_WARN_UNGUARDED_AVAILABILITY = YES_AGGRESSIVE;
				CLANG_WARN_UNREACHABLE_CODE = YES;
				CLANG_WARN__DUPLICATE_METHOD_MATCH = YES;
				COPY_PHASE_STRIP = NO;
				DEBUG_INFORMATION_FORMAT = "dwarf-with-dsym";
				ENABLE_NS_ASSERTIONS = NO;
				ENABLE_STRICT_OBJC_MSGSEND = YES;
				ENABLE_USER_SCRIPT_SANDBOXING = YES;
				GCC_C_LANGUAGE_STANDARD = gnu17;
				GCC_NO_COMMON_BLOCKS = YES;
				GCC_WARN_64_TO_32_BIT_CONVERSION = YES;
				GCC_WARN_ABOUT_RETURN_TYPE = YES_ERROR;
				GCC_WARN_UNDECLARED_SELECTOR = YES;
				GCC_WARN_UNINITIALIZED_AUTOS = YES_AGGRESSIVE;
				GCC_WARN_UNUSED_FUNCTION = YES;
				GCC_WARN_UNUSED_VARIABLE = YES;
				IPHONEOS_DEPLOYMENT_TARGET = 17.2;
				LOCALIZATION_PREFERS_STRING_CATALOGS = YES;
				MTL_ENABLE_DEBUG_INFO = NO;
				MTL_FAST_MATH = YES;
				SDKROOT = iphoneos;
				SWIFT_COMPILATION_MODE = wholemodule;
				VALIDATE_PRODUCT = YES;
			};
			name = Release;
		};
		70EAE07A2B663CDA00E4930D /* Debug */ = {
			isa = XCBuildConfiguration;
			buildSettings = {
				ASSETCATALOG_COMPILER_APPICON_NAME = AppIcon;
				ASSETCATALOG_COMPILER_GLOBAL_ACCENT_COLOR_NAME = AccentColor;
				CODE_SIGN_STYLE = Automatic;
				CURRENT_PROJECT_VERSION = 1;
				DEVELOPMENT_ASSET_PATHS = "\"Tamil Lit/Preview Content\"";
				DEVELOPMENT_TEAM = G6KL98HCPY;
				ENABLE_PREVIEWS = YES;
				GENERATE_INFOPLIST_FILE = YES;
				INFOPLIST_KEY_UIApplicationSceneManifest_Generation = YES;
				INFOPLIST_KEY_UIApplicationSupportsIndirectInputEvents = YES;
				INFOPLIST_KEY_UILaunchScreen_Generation = YES;
				INFOPLIST_KEY_UISupportedInterfaceOrientations_iPad = "UIInterfaceOrientationPortrait UIInterfaceOrientationPortraitUpsideDown UIInterfaceOrientationLandscapeLeft UIInterfaceOrientationLandscapeRight";
				INFOPLIST_KEY_UISupportedInterfaceOrientations_iPhone = "UIInterfaceOrientationPortrait UIInterfaceOrientationLandscapeLeft UIInterfaceOrientationLandscapeRight";
				LD_RUNPATH_SEARCH_PATHS = (
					"$(inherited)",
					"@executable_path/Frameworks",
				);
				MARKETING_VERSION = 1.0;
				PRODUCT_BUNDLE_IDENTIFIER = "in.selvarajan.Tamil-Lit";
				PRODUCT_NAME = "$(TARGET_NAME)";
				SWIFT_EMIT_LOC_STRINGS = YES;
				SWIFT_VERSION = 5.0;
				TARGETED_DEVICE_FAMILY = "1,2";
			};
			name = Debug;
		};
		70EAE07B2B663CDA00E4930D /* Release */ = {
			isa = XCBuildConfiguration;
			buildSettings = {
				ASSETCATALOG_COMPILER_APPICON_NAME = AppIcon;
				ASSETCATALOG_COMPILER_GLOBAL_ACCENT_COLOR_NAME = AccentColor;
				CODE_SIGN_STYLE = Automatic;
				CURRENT_PROJECT_VERSION = 1;
				DEVELOPMENT_ASSET_PATHS = "\"Tamil Lit/Preview Content\"";
				DEVELOPMENT_TEAM = G6KL98HCPY;
				ENABLE_PREVIEWS = YES;
				GENERATE_INFOPLIST_FILE = YES;
				INFOPLIST_KEY_UIApplicationSceneManifest_Generation = YES;
				INFOPLIST_KEY_UIApplicationSupportsIndirectInputEvents = YES;
				INFOPLIST_KEY_UILaunchScreen_Generation = YES;
				INFOPLIST_KEY_UISupportedInterfaceOrientations_iPad = "UIInterfaceOrientationPortrait UIInterfaceOrientationPortraitUpsideDown UIInterfaceOrientationLandscapeLeft UIInterfaceOrientationLandscapeRight";
				INFOPLIST_KEY_UISupportedInterfaceOrientations_iPhone = "UIInterfaceOrientationPortrait UIInterfaceOrientationLandscapeLeft UIInterfaceOrientationLandscapeRight";
				LD_RUNPATH_SEARCH_PATHS = (
					"$(inherited)",
					"@executable_path/Frameworks",
				);
				MARKETING_VERSION = 1.0;
				PRODUCT_BUNDLE_IDENTIFIER = "in.selvarajan.Tamil-Lit";
				PRODUCT_NAME = "$(TARGET_NAME)";
				SWIFT_EMIT_LOC_STRINGS = YES;
				SWIFT_VERSION = 5.0;
				TARGETED_DEVICE_FAMILY = "1,2";
			};
			name = Release;
		};
/* End XCBuildConfiguration section */

/* Begin XCConfigurationList section */
		70EAE0642B663CD800E4930D /* Build configuration list for PBXProject "Tamil Lit" */ = {
			isa = XCConfigurationList;
			buildConfigurations = (
				70EAE0772B663CDA00E4930D /* Debug */,
				70EAE0782B663CDA00E4930D /* Release */,
			);
			defaultConfigurationIsVisible = 0;
			defaultConfigurationName = Release;
		};
		70EAE0792B663CDA00E4930D /* Build configuration list for PBXNativeTarget "Tamil Lit" */ = {
			isa = XCConfigurationList;
			buildConfigurations = (
				70EAE07A2B663CDA00E4930D /* Debug */,
				70EAE07B2B663CDA00E4930D /* Release */,
			);
			defaultConfigurationIsVisible = 0;
			defaultConfigurationName = Release;
		};
/* End XCConfigurationList section */
	};
	rootObject = 70EAE0612B663CD800E4930D /* Project object */;
}
