// !$*UTF8*$!
{
	archiveVersion = 1;
	classes = {
	};
	objectVersion = 56;
	objects = {

/* Begin PBXBuildFile section */
		700920002C3BB1270049C60C /* PoemListWithCategoryView.swift in Sources */ = {isa = PBXBuildFile; fileRef = 70091FFF2C3BB1270049C60C /* PoemListWithCategoryView.swift */; };
		700920022C3BC14D0049C60C /* LoadingView.swift in Sources */ = {isa = PBXBuildFile; fileRef = 700920012C3BC14D0049C60C /* LoadingView.swift */; };
		700920042C3BCDFE0049C60C /* PoemListWithCategoryViewModel.swift in Sources */ = {isa = PBXBuildFile; fileRef = 700920032C3BCDFE0049C60C /* PoemListWithCategoryViewModel.swift */; };
		70160F6B2C0B20E20053B4A9 /* MainView.swift in Sources */ = {isa = PBXBuildFile; fileRef = 70160F6A2C0B20E20053B4A9 /* MainView.swift */; };
		701621CA2B66C30B003054AF /* AthichudiHomeView.swift in Sources */ = {isa = PBXBuildFile; fileRef = 701621C92B66C30B003054AF /* AthichudiHomeView.swift */; };
		701621CC2B66C40C003054AF /* AthichudiListView.swift in Sources */ = {isa = PBXBuildFile; fileRef = 701621CB2B66C40C003054AF /* AthichudiListView.swift */; };
		701621CE2B66C424003054AF /* AthichudiDetailView.swift in Sources */ = {isa = PBXBuildFile; fileRef = 701621CD2B66C424003054AF /* AthichudiDetailView.swift */; };
		701621D02B66C434003054AF /* AthichudiModel.swift in Sources */ = {isa = PBXBuildFile; fileRef = 701621CF2B66C434003054AF /* AthichudiModel.swift */; };
		701621D22B66CBB6003054AF /* AthichudiViewModel.swift in Sources */ = {isa = PBXBuildFile; fileRef = 701621D12B66CBB6003054AF /* AthichudiViewModel.swift */; };
		701BFAD62C33B1C2008D2805 /* CategoryViewModel.swift in Sources */ = {isa = PBXBuildFile; fileRef = 701BFAD52C33B1C2008D2805 /* CategoryViewModel.swift */; };
		702240562B69653C00EF072B /* WrapView.swift in Sources */ = {isa = PBXBuildFile; fileRef = 702240552B69653C00EF072B /* WrapView.swift */; };
		702BCA552C313F1F0051D8C2 /* CoreDataManager.swift in Sources */ = {isa = PBXBuildFile; fileRef = 702BCA542C313F1F0051D8C2 /* CoreDataManager.swift */; };
		7058F26C2BB08CF600D957B0 /* NaaladiyarCategoryModel.swift in Sources */ = {isa = PBXBuildFile; fileRef = 7058F26B2BB08CF600D957B0 /* NaaladiyarCategoryModel.swift */; };
		7058F26E2BB08EC600D957B0 /* NaaladiyarViewModel.swift in Sources */ = {isa = PBXBuildFile; fileRef = 7058F26D2BB08EC600D957B0 /* NaaladiyarViewModel.swift */; };
		7058F2702BB090B300D957B0 /* NaaladiyarPoemModel.swift in Sources */ = {isa = PBXBuildFile; fileRef = 7058F26F2BB090B300D957B0 /* NaaladiyarPoemModel.swift */; };
		7058F2732BB091C500D957B0 /* NaaladiyarHomeView.swift in Sources */ = {isa = PBXBuildFile; fileRef = 7058F2722BB091C500D957B0 /* NaaladiyarHomeView.swift */; };
		7058F2762BB091EC00D957B0 /* NaaladiyarListView.swift in Sources */ = {isa = PBXBuildFile; fileRef = 7058F2752BB091EC00D957B0 /* NaaladiyarListView.swift */; };
		7058F2782BB0920600D957B0 /* NaaladiyarCategoryView.swift in Sources */ = {isa = PBXBuildFile; fileRef = 7058F2772BB0920600D957B0 /* NaaladiyarCategoryView.swift */; };
		7058F27A2BB0922A00D957B0 /* NaaladiyarDetailView.swift in Sources */ = {isa = PBXBuildFile; fileRef = 7058F2792BB0922A00D957B0 /* NaaladiyarDetailView.swift */; };
		7058F27B2BB09B0300D957B0 /* naaladiyar.json in Resources */ = {isa = PBXBuildFile; fileRef = 7058F2672BB0723600D957B0 /* naaladiyar.json */; };
		7058F27C2BB09B0600D957B0 /* naaladiyar-category.json in Resources */ = {isa = PBXBuildFile; fileRef = 7058F2682BB085DC00D957B0 /* naaladiyar-category.json */; };
		70685E412B664467001EB657 /* KuralDetailView.swift in Sources */ = {isa = PBXBuildFile; fileRef = 70685E402B664467001EB657 /* KuralDetailView.swift */; };
		70685E432B66453E001EB657 /* KuralHomeView.swift in Sources */ = {isa = PBXBuildFile; fileRef = 70685E422B66453E001EB657 /* KuralHomeView.swift */; };
		70685E452B669161001EB657 /* KuralViewModel.swift in Sources */ = {isa = PBXBuildFile; fileRef = 70685E442B669161001EB657 /* KuralViewModel.swift */; };
		7068D7E12C33DA4200FAB1F6 /* TempHomeView.swift in Sources */ = {isa = PBXBuildFile; fileRef = 7068D7E02C33DA4200FAB1F6 /* TempHomeView.swift */; };
		7068D7E32C33DCE700FAB1F6 /* BookHomeView.swift in Sources */ = {isa = PBXBuildFile; fileRef = 7068D7E22C33DCE700FAB1F6 /* BookHomeView.swift */; };
		7076CD042C350CF700816F28 /* athichudi-category.json in Resources */ = {isa = PBXBuildFile; fileRef = 7076CD032C350CF600816F28 /* athichudi-category.json */; };
		707FEF3F2C20580F00A33FA7 /* iniyavai-narpathu.json in Resources */ = {isa = PBXBuildFile; fileRef = 707FEF3E2C20580F00A33FA7 /* iniyavai-narpathu.json */; };
		707FEF412C206AD400A33FA7 /* Inna-Naarpathu.json in Resources */ = {isa = PBXBuildFile; fileRef = 707FEF402C206AD400A33FA7 /* Inna-Naarpathu.json */; };
		7093B6682C3987FC00D38548 /* Poem+CoreDataClass.swift in Sources */ = {isa = PBXBuildFile; fileRef = 7093B65C2C3987FC00D38548 /* Poem+CoreDataClass.swift */; };
		7093B6692C3987FC00D38548 /* Poem+CoreDataProperties.swift in Sources */ = {isa = PBXBuildFile; fileRef = 7093B65D2C3987FC00D38548 /* Poem+CoreDataProperties.swift */; };
		7093B66A2C3987FC00D38548 /* Book+CoreDataClass.swift in Sources */ = {isa = PBXBuildFile; fileRef = 7093B65E2C3987FC00D38548 /* Book+CoreDataClass.swift */; };
		7093B66B2C3987FC00D38548 /* Book+CoreDataProperties.swift in Sources */ = {isa = PBXBuildFile; fileRef = 7093B65F2C3987FC00D38548 /* Book+CoreDataProperties.swift */; };
		7093B66C2C3987FC00D38548 /* Section+CoreDataClass.swift in Sources */ = {isa = PBXBuildFile; fileRef = 7093B6602C3987FC00D38548 /* Section+CoreDataClass.swift */; };
		7093B66D2C3987FC00D38548 /* Section+CoreDataProperties.swift in Sources */ = {isa = PBXBuildFile; fileRef = 7093B6612C3987FC00D38548 /* Section+CoreDataProperties.swift */; };
		7093B66E2C3987FC00D38548 /* SubCategory+CoreDataClass.swift in Sources */ = {isa = PBXBuildFile; fileRef = 7093B6622C3987FC00D38548 /* SubCategory+CoreDataClass.swift */; };
		7093B66F2C3987FC00D38548 /* SubCategory+CoreDataProperties.swift in Sources */ = {isa = PBXBuildFile; fileRef = 7093B6632C3987FC00D38548 /* SubCategory+CoreDataProperties.swift */; };
		7093B6702C3987FC00D38548 /* Explanation+CoreDataClass.swift in Sources */ = {isa = PBXBuildFile; fileRef = 7093B6642C3987FC00D38548 /* Explanation+CoreDataClass.swift */; };
		7093B6712C3987FC00D38548 /* Explanation+CoreDataProperties.swift in Sources */ = {isa = PBXBuildFile; fileRef = 7093B6652C3987FC00D38548 /* Explanation+CoreDataProperties.swift */; };
		7093B6722C3987FC00D38548 /* MainCategory+CoreDataClass.swift in Sources */ = {isa = PBXBuildFile; fileRef = 7093B6662C3987FC00D38548 /* MainCategory+CoreDataClass.swift */; };
		7093B6732C3987FC00D38548 /* MainCategory+CoreDataProperties.swift in Sources */ = {isa = PBXBuildFile; fileRef = 7093B6672C3987FC00D38548 /* MainCategory+CoreDataProperties.swift */; };
		7093B6752C398FFB00D38548 /* SingleCategoryView.swift in Sources */ = {isa = PBXBuildFile; fileRef = 7093B6742C398FFB00D38548 /* SingleCategoryView.swift */; };
		70A435762B6911F50019DBEC /* KuralCategoryView.swift in Sources */ = {isa = PBXBuildFile; fileRef = 70A435752B6911F50019DBEC /* KuralCategoryView.swift */; };
		70A435782B6914F00019DBEC /* kural-category.json in Resources */ = {isa = PBXBuildFile; fileRef = 70A435772B6914F00019DBEC /* kural-category.json */; };
		70A4357A2B6916210019DBEC /* KuralCategoryModel.swift in Sources */ = {isa = PBXBuildFile; fileRef = 70A435792B6916210019DBEC /* KuralCategoryModel.swift */; };
		70AFD0ED2C213E2500EB7351 /* nanmanikadikai.json in Resources */ = {isa = PBXBuildFile; fileRef = 70AFD0EA2C213E2500EB7351 /* nanmanikadikai.json */; };
		70AFD0EE2C213E2500EB7351 /* aacharakkovai.json in Resources */ = {isa = PBXBuildFile; fileRef = 70AFD0EB2C213E2500EB7351 /* aacharakkovai.json */; };
		70AFD0EF2C213E2500EB7351 /* thirikadukam.json in Resources */ = {isa = PBXBuildFile; fileRef = 70AFD0EC2C213E2500EB7351 /* thirikadukam.json */; };
		70B5EBD32C3AD6FB00471451 /* ImportDBView.swift in Sources */ = {isa = PBXBuildFile; fileRef = 70B5EBD22C3AD6FB00471451 /* ImportDBView.swift */; };
		70B5EBD92C3AF73500471451 /* TamilLitDB.sqlite-wal in Resources */ = {isa = PBXBuildFile; fileRef = 70B5EBD62C3AF73500471451 /* TamilLitDB.sqlite-wal */; };
		70B5EBDA2C3AF73500471451 /* TamilLitDB.sqlite-shm in Resources */ = {isa = PBXBuildFile; fileRef = 70B5EBD72C3AF73500471451 /* TamilLitDB.sqlite-shm */; };
		70B5EBDB2C3AF73500471451 /* TamilLitDB.sqlite in Resources */ = {isa = PBXBuildFile; fileRef = 70B5EBD82C3AF73500471451 /* TamilLitDB.sqlite */; };
		70C50C622B6BC8F400D30338 /* HomeViewOld.swift in Sources */ = {isa = PBXBuildFile; fileRef = 70C50C612B6BC8F400D30338 /* HomeViewOld.swift */; };
		70E729822C230C7D00DE5977 /* TamilLitDB.xcdatamodeld in Sources */ = {isa = PBXBuildFile; fileRef = 70E729802C230C7D00DE5977 /* TamilLitDB.xcdatamodeld */; };
		70E739242C314A5F00A4CF0E /* PoemListView.swift in Sources */ = {isa = PBXBuildFile; fileRef = 70E739232C314A5F00A4CF0E /* PoemListView.swift */; };
		70E739302C31530000A4CF0E /* PoemListViewModel.swift in Sources */ = {isa = PBXBuildFile; fileRef = 70E7392F2C31530000A4CF0E /* PoemListViewModel.swift */; };
		70E739322C31555400A4CF0E /* PoemDetailView.swift in Sources */ = {isa = PBXBuildFile; fileRef = 70E739312C31555400A4CF0E /* PoemDetailView.swift */; };
		70E739342C31559C00A4CF0E /* ExplanationListViewModel.swift in Sources */ = {isa = PBXBuildFile; fileRef = 70E739332C31559C00A4CF0E /* ExplanationListViewModel.swift */; };
		70E739382C316DBA00A4CF0E /* CategoryListView.swift in Sources */ = {isa = PBXBuildFile; fileRef = 70E739372C316DBA00A4CF0E /* CategoryListView.swift */; };
		70EAE06D2B663CD800E4930D /* Tamil_LitApp.swift in Sources */ = {isa = PBXBuildFile; fileRef = 70EAE06C2B663CD800E4930D /* Tamil_LitApp.swift */; };
		70EAE0732B663CDA00E4930D /* Assets.xcassets in Resources */ = {isa = PBXBuildFile; fileRef = 70EAE0722B663CDA00E4930D /* Assets.xcassets */; };
		70EAE0762B663CDA00E4930D /* Preview Assets.xcassets in Resources */ = {isa = PBXBuildFile; fileRef = 70EAE0752B663CDA00E4930D /* Preview Assets.xcassets */; };
		70EAE0812B663E3000E4930D /* thirukkural.json in Resources */ = {isa = PBXBuildFile; fileRef = 70EAE07F2B663E3000E4930D /* thirukkural.json */; };
		70EAE0822B663E3000E4930D /* athichudi.json in Resources */ = {isa = PBXBuildFile; fileRef = 70EAE0802B663E3000E4930D /* athichudi.json */; };
		70EAE0842B66420400E4930D /* README.md in Resources */ = {isa = PBXBuildFile; fileRef = 70EAE0832B66420400E4930D /* README.md */; };
		70EAE0882B66434000E4930D /* KuralModel.swift in Sources */ = {isa = PBXBuildFile; fileRef = 70EAE0872B66434000E4930D /* KuralModel.swift */; };
		70EAE08A2B6643F100E4930D /* KuralListView.swift in Sources */ = {isa = PBXBuildFile; fileRef = 70EAE0892B6643F100E4930D /* KuralListView.swift */; };
		70F7709F2C08BBAD00D329C3 /* HomeView.swift in Sources */ = {isa = PBXBuildFile; fileRef = 70F7709E2C08BBAD00D329C3 /* HomeView.swift */; };
/* End PBXBuildFile section */

/* Begin PBXFileReference section */
		70091FFF2C3BB1270049C60C /* PoemListWithCategoryView.swift */ = {isa = PBXFileReference; lastKnownFileType = sourcecode.swift; path = PoemListWithCategoryView.swift; sourceTree = "<group>"; };
		700920012C3BC14D0049C60C /* LoadingView.swift */ = {isa = PBXFileReference; lastKnownFileType = sourcecode.swift; path = LoadingView.swift; sourceTree = "<group>"; };
		700920032C3BCDFE0049C60C /* PoemListWithCategoryViewModel.swift */ = {isa = PBXFileReference; lastKnownFileType = sourcecode.swift; path = PoemListWithCategoryViewModel.swift; sourceTree = "<group>"; };
		70160F6A2C0B20E20053B4A9 /* MainView.swift */ = {isa = PBXFileReference; lastKnownFileType = sourcecode.swift; path = MainView.swift; sourceTree = "<group>"; };
		701621C92B66C30B003054AF /* AthichudiHomeView.swift */ = {isa = PBXFileReference; lastKnownFileType = sourcecode.swift; path = AthichudiHomeView.swift; sourceTree = "<group>"; };
		701621CB2B66C40C003054AF /* AthichudiListView.swift */ = {isa = PBXFileReference; lastKnownFileType = sourcecode.swift; path = AthichudiListView.swift; sourceTree = "<group>"; };
		701621CD2B66C424003054AF /* AthichudiDetailView.swift */ = {isa = PBXFileReference; lastKnownFileType = sourcecode.swift; path = AthichudiDetailView.swift; sourceTree = "<group>"; };
		701621CF2B66C434003054AF /* AthichudiModel.swift */ = {isa = PBXFileReference; lastKnownFileType = sourcecode.swift; path = AthichudiModel.swift; sourceTree = "<group>"; };
		701621D12B66CBB6003054AF /* AthichudiViewModel.swift */ = {isa = PBXFileReference; lastKnownFileType = sourcecode.swift; path = AthichudiViewModel.swift; sourceTree = "<group>"; };
		701BFAD52C33B1C2008D2805 /* CategoryViewModel.swift */ = {isa = PBXFileReference; lastKnownFileType = sourcecode.swift; path = CategoryViewModel.swift; sourceTree = "<group>"; };
		702240552B69653C00EF072B /* WrapView.swift */ = {isa = PBXFileReference; lastKnownFileType = sourcecode.swift; path = WrapView.swift; sourceTree = "<group>"; };
		702BCA542C313F1F0051D8C2 /* CoreDataManager.swift */ = {isa = PBXFileReference; lastKnownFileType = sourcecode.swift; path = CoreDataManager.swift; sourceTree = "<group>"; };
		7058F2672BB0723600D957B0 /* naaladiyar.json */ = {isa = PBXFileReference; lastKnownFileType = text.json; path = naaladiyar.json; sourceTree = "<group>"; };
		7058F2682BB085DC00D957B0 /* naaladiyar-category.json */ = {isa = PBXFileReference; lastKnownFileType = text.json; path = "naaladiyar-category.json"; sourceTree = "<group>"; };
		7058F26B2BB08CF600D957B0 /* NaaladiyarCategoryModel.swift */ = {isa = PBXFileReference; lastKnownFileType = sourcecode.swift; path = NaaladiyarCategoryModel.swift; sourceTree = "<group>"; };
		7058F26D2BB08EC600D957B0 /* NaaladiyarViewModel.swift */ = {isa = PBXFileReference; lastKnownFileType = sourcecode.swift; path = NaaladiyarViewModel.swift; sourceTree = "<group>"; };
		7058F26F2BB090B300D957B0 /* NaaladiyarPoemModel.swift */ = {isa = PBXFileReference; lastKnownFileType = sourcecode.swift; path = NaaladiyarPoemModel.swift; sourceTree = "<group>"; };
		7058F2722BB091C500D957B0 /* NaaladiyarHomeView.swift */ = {isa = PBXFileReference; lastKnownFileType = sourcecode.swift; path = NaaladiyarHomeView.swift; sourceTree = "<group>"; };
		7058F2752BB091EC00D957B0 /* NaaladiyarListView.swift */ = {isa = PBXFileReference; lastKnownFileType = sourcecode.swift; path = NaaladiyarListView.swift; sourceTree = "<group>"; };
		7058F2772BB0920600D957B0 /* NaaladiyarCategoryView.swift */ = {isa = PBXFileReference; lastKnownFileType = sourcecode.swift; path = NaaladiyarCategoryView.swift; sourceTree = "<group>"; };
		7058F2792BB0922A00D957B0 /* NaaladiyarDetailView.swift */ = {isa = PBXFileReference; lastKnownFileType = sourcecode.swift; path = NaaladiyarDetailView.swift; sourceTree = "<group>"; };
		70685E402B664467001EB657 /* KuralDetailView.swift */ = {isa = PBXFileReference; lastKnownFileType = sourcecode.swift; path = KuralDetailView.swift; sourceTree = "<group>"; };
		70685E422B66453E001EB657 /* KuralHomeView.swift */ = {isa = PBXFileReference; lastKnownFileType = sourcecode.swift; path = KuralHomeView.swift; sourceTree = "<group>"; };
		70685E442B669161001EB657 /* KuralViewModel.swift */ = {isa = PBXFileReference; lastKnownFileType = sourcecode.swift; path = KuralViewModel.swift; sourceTree = "<group>"; };
		7068D7E02C33DA4200FAB1F6 /* TempHomeView.swift */ = {isa = PBXFileReference; lastKnownFileType = sourcecode.swift; path = TempHomeView.swift; sourceTree = "<group>"; };
		7068D7E22C33DCE700FAB1F6 /* BookHomeView.swift */ = {isa = PBXFileReference; lastKnownFileType = sourcecode.swift; path = BookHomeView.swift; sourceTree = "<group>"; };
		7076CD032C350CF600816F28 /* athichudi-category.json */ = {isa = PBXFileReference; fileEncoding = 4; lastKnownFileType = text.json; path = "athichudi-category.json"; sourceTree = "<group>"; };
		707FEF3E2C20580F00A33FA7 /* iniyavai-narpathu.json */ = {isa = PBXFileReference; fileEncoding = 4; lastKnownFileType = text.json; path = "iniyavai-narpathu.json"; sourceTree = "<group>"; };
		707FEF402C206AD400A33FA7 /* Inna-Naarpathu.json */ = {isa = PBXFileReference; fileEncoding = 4; lastKnownFileType = text.json; path = "Inna-Naarpathu.json"; sourceTree = "<group>"; };
		7093B65C2C3987FC00D38548 /* Poem+CoreDataClass.swift */ = {isa = PBXFileReference; lastKnownFileType = sourcecode.swift; path = "Poem+CoreDataClass.swift"; sourceTree = "<group>"; };
		7093B65D2C3987FC00D38548 /* Poem+CoreDataProperties.swift */ = {isa = PBXFileReference; lastKnownFileType = sourcecode.swift; path = "Poem+CoreDataProperties.swift"; sourceTree = "<group>"; };
		7093B65E2C3987FC00D38548 /* Book+CoreDataClass.swift */ = {isa = PBXFileReference; lastKnownFileType = sourcecode.swift; path = "Book+CoreDataClass.swift"; sourceTree = "<group>"; };
		7093B65F2C3987FC00D38548 /* Book+CoreDataProperties.swift */ = {isa = PBXFileReference; lastKnownFileType = sourcecode.swift; path = "Book+CoreDataProperties.swift"; sourceTree = "<group>"; };
		7093B6602C3987FC00D38548 /* Section+CoreDataClass.swift */ = {isa = PBXFileReference; lastKnownFileType = sourcecode.swift; path = "Section+CoreDataClass.swift"; sourceTree = "<group>"; };
		7093B6612C3987FC00D38548 /* Section+CoreDataProperties.swift */ = {isa = PBXFileReference; lastKnownFileType = sourcecode.swift; path = "Section+CoreDataProperties.swift"; sourceTree = "<group>"; };
		7093B6622C3987FC00D38548 /* SubCategory+CoreDataClass.swift */ = {isa = PBXFileReference; lastKnownFileType = sourcecode.swift; path = "SubCategory+CoreDataClass.swift"; sourceTree = "<group>"; };
		7093B6632C3987FC00D38548 /* SubCategory+CoreDataProperties.swift */ = {isa = PBXFileReference; lastKnownFileType = sourcecode.swift; path = "SubCategory+CoreDataProperties.swift"; sourceTree = "<group>"; };
		7093B6642C3987FC00D38548 /* Explanation+CoreDataClass.swift */ = {isa = PBXFileReference; lastKnownFileType = sourcecode.swift; path = "Explanation+CoreDataClass.swift"; sourceTree = "<group>"; };
		7093B6652C3987FC00D38548 /* Explanation+CoreDataProperties.swift */ = {isa = PBXFileReference; lastKnownFileType = sourcecode.swift; path = "Explanation+CoreDataProperties.swift"; sourceTree = "<group>"; };
		7093B6662C3987FC00D38548 /* MainCategory+CoreDataClass.swift */ = {isa = PBXFileReference; lastKnownFileType = sourcecode.swift; path = "MainCategory+CoreDataClass.swift"; sourceTree = "<group>"; };
		7093B6672C3987FC00D38548 /* MainCategory+CoreDataProperties.swift */ = {isa = PBXFileReference; lastKnownFileType = sourcecode.swift; path = "MainCategory+CoreDataProperties.swift"; sourceTree = "<group>"; };
		7093B6742C398FFB00D38548 /* SingleCategoryView.swift */ = {isa = PBXFileReference; lastKnownFileType = sourcecode.swift; path = SingleCategoryView.swift; sourceTree = "<group>"; };
		70A435752B6911F50019DBEC /* KuralCategoryView.swift */ = {isa = PBXFileReference; lastKnownFileType = sourcecode.swift; path = KuralCategoryView.swift; sourceTree = "<group>"; };
		70A435772B6914F00019DBEC /* kural-category.json */ = {isa = PBXFileReference; fileEncoding = 4; lastKnownFileType = text.json; path = "kural-category.json"; sourceTree = "<group>"; };
		70A435792B6916210019DBEC /* KuralCategoryModel.swift */ = {isa = PBXFileReference; lastKnownFileType = sourcecode.swift; path = KuralCategoryModel.swift; sourceTree = "<group>"; };
		70AFD0EA2C213E2500EB7351 /* nanmanikadikai.json */ = {isa = PBXFileReference; fileEncoding = 4; lastKnownFileType = text.json; path = nanmanikadikai.json; sourceTree = "<group>"; };
		70AFD0EB2C213E2500EB7351 /* aacharakkovai.json */ = {isa = PBXFileReference; fileEncoding = 4; lastKnownFileType = text.json; path = aacharakkovai.json; sourceTree = "<group>"; };
		70AFD0EC2C213E2500EB7351 /* thirikadukam.json */ = {isa = PBXFileReference; fileEncoding = 4; lastKnownFileType = text.json; path = thirikadukam.json; sourceTree = "<group>"; };
		70B5EBD22C3AD6FB00471451 /* ImportDBView.swift */ = {isa = PBXFileReference; lastKnownFileType = sourcecode.swift; path = ImportDBView.swift; sourceTree = "<group>"; };
		70B5EBD62C3AF73500471451 /* TamilLitDB.sqlite-wal */ = {isa = PBXFileReference; fileEncoding = 4; lastKnownFileType = text; path = "TamilLitDB.sqlite-wal"; sourceTree = "<group>"; };
		70B5EBD72C3AF73500471451 /* TamilLitDB.sqlite-shm */ = {isa = PBXFileReference; lastKnownFileType = file; path = "TamilLitDB.sqlite-shm"; sourceTree = "<group>"; };
		70B5EBD82C3AF73500471451 /* TamilLitDB.sqlite */ = {isa = PBXFileReference; lastKnownFileType = file; path = TamilLitDB.sqlite; sourceTree = "<group>"; };
		70C50C612B6BC8F400D30338 /* HomeViewOld.swift */ = {isa = PBXFileReference; lastKnownFileType = sourcecode.swift; path = HomeViewOld.swift; sourceTree = "<group>"; };
		70E729812C230C7D00DE5977 /* TamilLitDB.xcdatamodel */ = {isa = PBXFileReference; lastKnownFileType = wrapper.xcdatamodel; path = TamilLitDB.xcdatamodel; sourceTree = "<group>"; };
		70E739232C314A5F00A4CF0E /* PoemListView.swift */ = {isa = PBXFileReference; lastKnownFileType = sourcecode.swift; path = PoemListView.swift; sourceTree = "<group>"; };
		70E7392F2C31530000A4CF0E /* PoemListViewModel.swift */ = {isa = PBXFileReference; lastKnownFileType = sourcecode.swift; path = PoemListViewModel.swift; sourceTree = "<group>"; };
		70E739312C31555400A4CF0E /* PoemDetailView.swift */ = {isa = PBXFileReference; lastKnownFileType = sourcecode.swift; path = PoemDetailView.swift; sourceTree = "<group>"; };
		70E739332C31559C00A4CF0E /* ExplanationListViewModel.swift */ = {isa = PBXFileReference; lastKnownFileType = sourcecode.swift; path = ExplanationListViewModel.swift; sourceTree = "<group>"; };
		70E739372C316DBA00A4CF0E /* CategoryListView.swift */ = {isa = PBXFileReference; lastKnownFileType = sourcecode.swift; path = CategoryListView.swift; sourceTree = "<group>"; };
		70EAE0692B663CD800E4930D /* Tamil Lit.app */ = {isa = PBXFileReference; explicitFileType = wrapper.application; includeInIndex = 0; path = "Tamil Lit.app"; sourceTree = BUILT_PRODUCTS_DIR; };
		70EAE06C2B663CD800E4930D /* Tamil_LitApp.swift */ = {isa = PBXFileReference; lastKnownFileType = sourcecode.swift; path = Tamil_LitApp.swift; sourceTree = "<group>"; };
		70EAE0722B663CDA00E4930D /* Assets.xcassets */ = {isa = PBXFileReference; lastKnownFileType = folder.assetcatalog; path = Assets.xcassets; sourceTree = "<group>"; };
		70EAE0752B663CDA00E4930D /* Preview Assets.xcassets */ = {isa = PBXFileReference; lastKnownFileType = folder.assetcatalog; path = "Preview Assets.xcassets"; sourceTree = "<group>"; };
		70EAE07F2B663E3000E4930D /* thirukkural.json */ = {isa = PBXFileReference; fileEncoding = 4; lastKnownFileType = text.json; path = thirukkural.json; sourceTree = "<group>"; };
		70EAE0802B663E3000E4930D /* athichudi.json */ = {isa = PBXFileReference; fileEncoding = 4; lastKnownFileType = text.json; path = athichudi.json; sourceTree = "<group>"; };
		70EAE0832B66420400E4930D /* README.md */ = {isa = PBXFileReference; fileEncoding = 4; lastKnownFileType = net.daringfireball.markdown; path = README.md; sourceTree = "<group>"; };
		70EAE0872B66434000E4930D /* KuralModel.swift */ = {isa = PBXFileReference; lastKnownFileType = sourcecode.swift; path = KuralModel.swift; sourceTree = "<group>"; };
		70EAE0892B6643F100E4930D /* KuralListView.swift */ = {isa = PBXFileReference; lastKnownFileType = sourcecode.swift; path = KuralListView.swift; sourceTree = "<group>"; };
		70F7709E2C08BBAD00D329C3 /* HomeView.swift */ = {isa = PBXFileReference; lastKnownFileType = sourcecode.swift; path = HomeView.swift; sourceTree = "<group>"; };
/* End PBXFileReference section */

/* Begin PBXFrameworksBuildPhase section */
		70EAE0662B663CD800E4930D /* Frameworks */ = {
			isa = PBXFrameworksBuildPhase;
			buildActionMask = 2147483647;
			files = (
			);
			runOnlyForDeploymentPostprocessing = 0;
		};
/* End PBXFrameworksBuildPhase section */

/* Begin PBXGroup section */
		701621C82B66C2E1003054AF /* Athichudi */ = {
			isa = PBXGroup;
			children = (
				7022405A2B697C6900EF072B /* Views */,
				702240592B697C5000EF072B /* Model */,
			);
			path = Athichudi;
			sourceTree = "<group>";
		};
		702240542B69652000EF072B /* Helper */ = {
			isa = PBXGroup;
			children = (
				702240552B69653C00EF072B /* WrapView.swift */,
			);
			path = Helper;
			sourceTree = "<group>";
		};
		702240572B69712500EF072B /* Model */ = {
			isa = PBXGroup;
			children = (
				70685E442B669161001EB657 /* KuralViewModel.swift */,
				70A435792B6916210019DBEC /* KuralCategoryModel.swift */,
				70EAE0872B66434000E4930D /* KuralModel.swift */,
			);
			path = Model;
			sourceTree = "<group>";
		};
		702240582B69712B00EF072B /* Views */ = {
			isa = PBXGroup;
			children = (
				70EAE0892B6643F100E4930D /* KuralListView.swift */,
				70685E402B664467001EB657 /* KuralDetailView.swift */,
				70685E422B66453E001EB657 /* KuralHomeView.swift */,
				70A435752B6911F50019DBEC /* KuralCategoryView.swift */,
			);
			path = Views;
			sourceTree = "<group>";
		};
		702240592B697C5000EF072B /* Model */ = {
			isa = PBXGroup;
			children = (
				701621CF2B66C434003054AF /* AthichudiModel.swift */,
				701621D12B66CBB6003054AF /* AthichudiViewModel.swift */,
			);
			path = Model;
			sourceTree = "<group>";
		};
		7022405A2B697C6900EF072B /* Views */ = {
			isa = PBXGroup;
			children = (
				701621C92B66C30B003054AF /* AthichudiHomeView.swift */,
				701621CB2B66C40C003054AF /* AthichudiListView.swift */,
				701621CD2B66C424003054AF /* AthichudiDetailView.swift */,
			);
			path = Views;
			sourceTree = "<group>";
		};
		702BCA532C313EF50051D8C2 /* ViewModel */ = {
			isa = PBXGroup;
			children = (
				702BCA542C313F1F0051D8C2 /* CoreDataManager.swift */,
				70E7392F2C31530000A4CF0E /* PoemListViewModel.swift */,
				70E739332C31559C00A4CF0E /* ExplanationListViewModel.swift */,
				701BFAD52C33B1C2008D2805 /* CategoryViewModel.swift */,
				700920032C3BCDFE0049C60C /* PoemListWithCategoryViewModel.swift */,
			);
			path = ViewModel;
			sourceTree = "<group>";
		};
		7058F2692BB08CC500D957B0 /* Naaladiyar */ = {
			isa = PBXGroup;
			children = (
				7058F2712BB091B100D957B0 /* Views */,
				7058F26A2BB08CD200D957B0 /* Model */,
			);
			path = Naaladiyar;
			sourceTree = "<group>";
		};
		7058F26A2BB08CD200D957B0 /* Model */ = {
			isa = PBXGroup;
			children = (
				7058F26B2BB08CF600D957B0 /* NaaladiyarCategoryModel.swift */,
				7058F26D2BB08EC600D957B0 /* NaaladiyarViewModel.swift */,
				7058F26F2BB090B300D957B0 /* NaaladiyarPoemModel.swift */,
			);
			path = Model;
			sourceTree = "<group>";
		};
		7058F2712BB091B100D957B0 /* Views */ = {
			isa = PBXGroup;
			children = (
				7058F2722BB091C500D957B0 /* NaaladiyarHomeView.swift */,
				7058F2752BB091EC00D957B0 /* NaaladiyarListView.swift */,
				7058F2772BB0920600D957B0 /* NaaladiyarCategoryView.swift */,
				7058F2792BB0922A00D957B0 /* NaaladiyarDetailView.swift */,
			);
			path = Views;
			sourceTree = "<group>";
		};
		70626FCA2C23D54A00055E77 /* Model */ = {
			isa = PBXGroup;
			children = (
				7093B65C2C3987FC00D38548 /* Poem+CoreDataClass.swift */,
				7093B65D2C3987FC00D38548 /* Poem+CoreDataProperties.swift */,
				7093B65E2C3987FC00D38548 /* Book+CoreDataClass.swift */,
				7093B65F2C3987FC00D38548 /* Book+CoreDataProperties.swift */,
				7093B6602C3987FC00D38548 /* Section+CoreDataClass.swift */,
				7093B6612C3987FC00D38548 /* Section+CoreDataProperties.swift */,
				7093B6622C3987FC00D38548 /* SubCategory+CoreDataClass.swift */,
				7093B6632C3987FC00D38548 /* SubCategory+CoreDataProperties.swift */,
				7093B6642C3987FC00D38548 /* Explanation+CoreDataClass.swift */,
				7093B6652C3987FC00D38548 /* Explanation+CoreDataProperties.swift */,
				7093B6662C3987FC00D38548 /* MainCategory+CoreDataClass.swift */,
				7093B6672C3987FC00D38548 /* MainCategory+CoreDataProperties.swift */,
				70E729802C230C7D00DE5977 /* TamilLitDB.xcdatamodeld */,
			);
			path = Model;
			sourceTree = "<group>";
		};
		70E7297F2C2309EF00DE5977 /* GenericUI */ = {
			isa = PBXGroup;
			children = (
				7068D7E22C33DCE700FAB1F6 /* BookHomeView.swift */,
				7093B6742C398FFB00D38548 /* SingleCategoryView.swift */,
				70E739372C316DBA00A4CF0E /* CategoryListView.swift */,
				70E739232C314A5F00A4CF0E /* PoemListView.swift */,
				70091FFF2C3BB1270049C60C /* PoemListWithCategoryView.swift */,
				70E739312C31555400A4CF0E /* PoemDetailView.swift */,
			);
			path = GenericUI;
			sourceTree = "<group>";
		};
		70EAE0602B663CD800E4930D = {
			isa = PBXGroup;
			children = (
				70EAE06B2B663CD800E4930D /* Tamil Lit */,
				70EAE06A2B663CD800E4930D /* Products */,
			);
			sourceTree = "<group>";
		};
		70EAE06A2B663CD800E4930D /* Products */ = {
			isa = PBXGroup;
			children = (
				70EAE0692B663CD800E4930D /* Tamil Lit.app */,
			);
			name = Products;
			sourceTree = "<group>";
		};
		70EAE06B2B663CD800E4930D /* Tamil Lit */ = {
			isa = PBXGroup;
			children = (
				702BCA532C313EF50051D8C2 /* ViewModel */,
				70E7297F2C2309EF00DE5977 /* GenericUI */,
				70626FCA2C23D54A00055E77 /* Model */,
				702240542B69652000EF072B /* Helper */,
				7058F2692BB08CC500D957B0 /* Naaladiyar */,
				701621C82B66C2E1003054AF /* Athichudi */,
				70EAE0852B6642DA00E4930D /* Thirukural */,
				70EAE07E2B663E0400E4930D /* Resources */,
				70EAE06C2B663CD800E4930D /* Tamil_LitApp.swift */,
				70C50C612B6BC8F400D30338 /* HomeViewOld.swift */,
				70F7709E2C08BBAD00D329C3 /* HomeView.swift */,
				70160F6A2C0B20E20053B4A9 /* MainView.swift */,
				70EAE0722B663CDA00E4930D /* Assets.xcassets */,
				70EAE0832B66420400E4930D /* README.md */,
				70EAE0742B663CDA00E4930D /* Preview Content */,
				7068D7E02C33DA4200FAB1F6 /* TempHomeView.swift */,
				70B5EBD22C3AD6FB00471451 /* ImportDBView.swift */,
				700920012C3BC14D0049C60C /* LoadingView.swift */,
			);
			path = "Tamil Lit";
			sourceTree = "<group>";
		};
		70EAE0742B663CDA00E4930D /* Preview Content */ = {
			isa = PBXGroup;
			children = (
				70EAE0752B663CDA00E4930D /* Preview Assets.xcassets */,
			);
			path = "Preview Content";
			sourceTree = "<group>";
		};
		70EAE07E2B663E0400E4930D /* Resources */ = {
			isa = PBXGroup;
			children = (
				70B5EBD82C3AF73500471451 /* TamilLitDB.sqlite */,
				70B5EBD72C3AF73500471451 /* TamilLitDB.sqlite-shm */,
				70B5EBD62C3AF73500471451 /* TamilLitDB.sqlite-wal */,
				70EAE0802B663E3000E4930D /* athichudi.json */,
				7076CD032C350CF600816F28 /* athichudi-category.json */,
				707FEF402C206AD400A33FA7 /* Inna-Naarpathu.json */,
				70AFD0EB2C213E2500EB7351 /* aacharakkovai.json */,
				70AFD0EA2C213E2500EB7351 /* nanmanikadikai.json */,
				70AFD0EC2C213E2500EB7351 /* thirikadukam.json */,
				707FEF3E2C20580F00A33FA7 /* iniyavai-narpathu.json */,
				70A435772B6914F00019DBEC /* kural-category.json */,
				70EAE07F2B663E3000E4930D /* thirukkural.json */,
				7058F2672BB0723600D957B0 /* naaladiyar.json */,
				7058F2682BB085DC00D957B0 /* naaladiyar-category.json */,
			);
			path = Resources;
			sourceTree = "<group>";
		};
		70EAE0852B6642DA00E4930D /* Thirukural */ = {
			isa = PBXGroup;
			children = (
				702240582B69712B00EF072B /* Views */,
				702240572B69712500EF072B /* Model */,
			);
			path = Thirukural;
			sourceTree = "<group>";
		};
/* End PBXGroup section */

/* Begin PBXNativeTarget section */
		70EAE0682B663CD800E4930D /* Tamil Lit */ = {
			isa = PBXNativeTarget;
			buildConfigurationList = 70EAE0792B663CDA00E4930D /* Build configuration list for PBXNativeTarget "Tamil Lit" */;
			buildPhases = (
				70EAE0652B663CD800E4930D /* Sources */,
				70EAE0662B663CD800E4930D /* Frameworks */,
				70EAE0672B663CD800E4930D /* Resources */,
			);
			buildRules = (
			);
			dependencies = (
			);
			name = "Tamil Lit";
			productName = "Tamil Lit";
			productReference = 70EAE0692B663CD800E4930D /* Tamil Lit.app */;
			productType = "com.apple.product-type.application";
		};
/* End PBXNativeTarget section */

/* Begin PBXProject section */
		70EAE0612B663CD800E4930D /* Project object */ = {
			isa = PBXProject;
			attributes = {
				BuildIndependentTargetsInParallel = 1;
				LastSwiftUpdateCheck = 1520;
				LastUpgradeCheck = 1520;
				TargetAttributes = {
					70EAE0682B663CD800E4930D = {
						CreatedOnToolsVersion = 15.2;
					};
				};
			};
			buildConfigurationList = 70EAE0642B663CD800E4930D /* Build configuration list for PBXProject "Tamil Lit" */;
			compatibilityVersion = "Xcode 14.0";
			developmentRegion = en;
			hasScannedForEncodings = 0;
			knownRegions = (
				en,
				Base,
			);
			mainGroup = 70EAE0602B663CD800E4930D;
			productRefGroup = 70EAE06A2B663CD800E4930D /* Products */;
			projectDirPath = "";
			projectRoot = "";
			targets = (
				70EAE0682B663CD800E4930D /* Tamil Lit */,
			);
		};
/* End PBXProject section */

/* Begin PBXResourcesBuildPhase section */
		70EAE0672B663CD800E4930D /* Resources */ = {
			isa = PBXResourcesBuildPhase;
			buildActionMask = 2147483647;
			files = (
				70B5EBDA2C3AF73500471451 /* TamilLitDB.sqlite-shm in Resources */,
				707FEF412C206AD400A33FA7 /* Inna-Naarpathu.json in Resources */,
				70EAE0812B663E3000E4930D /* thirukkural.json in Resources */,
				7058F27C2BB09B0600D957B0 /* naaladiyar-category.json in Resources */,
				70B5EBDB2C3AF73500471451 /* TamilLitDB.sqlite in Resources */,
				70AFD0ED2C213E2500EB7351 /* nanmanikadikai.json in Resources */,
				70AFD0EE2C213E2500EB7351 /* aacharakkovai.json in Resources */,
				70EAE0762B663CDA00E4930D /* Preview Assets.xcassets in Resources */,
				70EAE0842B66420400E4930D /* README.md in Resources */,
				70A435782B6914F00019DBEC /* kural-category.json in Resources */,
				70AFD0EF2C213E2500EB7351 /* thirikadukam.json in Resources */,
				7058F27B2BB09B0300D957B0 /* naaladiyar.json in Resources */,
				70EAE0822B663E3000E4930D /* athichudi.json in Resources */,
				7076CD042C350CF700816F28 /* athichudi-category.json in Resources */,
				70B5EBD92C3AF73500471451 /* TamilLitDB.sqlite-wal in Resources */,
				70EAE0732B663CDA00E4930D /* Assets.xcassets in Resources */,
				707FEF3F2C20580F00A33FA7 /* iniyavai-narpathu.json in Resources */,
			);
			runOnlyForDeploymentPostprocessing = 0;
		};
/* End PBXResourcesBuildPhase section */

/* Begin PBXSourcesBuildPhase section */
		70EAE0652B663CD800E4930D /* Sources */ = {
			isa = PBXSourcesBuildPhase;
			buildActionMask = 2147483647;
			files = (
				70EAE08A2B6643F100E4930D /* KuralListView.swift in Sources */,
				70E739322C31555400A4CF0E /* PoemDetailView.swift in Sources */,
				70160F6B2C0B20E20053B4A9 /* MainView.swift in Sources */,
				701621CA2B66C30B003054AF /* AthichudiHomeView.swift in Sources */,
				7068D7E32C33DCE700FAB1F6 /* BookHomeView.swift in Sources */,
				701621D02B66C434003054AF /* AthichudiModel.swift in Sources */,
				70C50C622B6BC8F400D30338 /* HomeViewOld.swift in Sources */,
				70A4357A2B6916210019DBEC /* KuralCategoryModel.swift in Sources */,
				70E729822C230C7D00DE5977 /* TamilLitDB.xcdatamodeld in Sources */,
				700920002C3BB1270049C60C /* PoemListWithCategoryView.swift in Sources */,
				70B5EBD32C3AD6FB00471451 /* ImportDBView.swift in Sources */,
				70685E452B669161001EB657 /* KuralViewModel.swift in Sources */,
				70E739382C316DBA00A4CF0E /* CategoryListView.swift in Sources */,
				70EAE0882B66434000E4930D /* KuralModel.swift in Sources */,
				70685E412B664467001EB657 /* KuralDetailView.swift in Sources */,
				702BCA552C313F1F0051D8C2 /* CoreDataManager.swift in Sources */,
				7058F2762BB091EC00D957B0 /* NaaladiyarListView.swift in Sources */,
				7058F2702BB090B300D957B0 /* NaaladiyarPoemModel.swift in Sources */,
				70F7709F2C08BBAD00D329C3 /* HomeView.swift in Sources */,
				701621CE2B66C424003054AF /* AthichudiDetailView.swift in Sources */,
				7058F2732BB091C500D957B0 /* NaaladiyarHomeView.swift in Sources */,
				701621CC2B66C40C003054AF /* AthichudiListView.swift in Sources */,
				7093B6752C398FFB00D38548 /* SingleCategoryView.swift in Sources */,
				70E739342C31559C00A4CF0E /* ExplanationListViewModel.swift in Sources */,
				7058F26E2BB08EC600D957B0 /* NaaladiyarViewModel.swift in Sources */,
				70E739242C314A5F00A4CF0E /* PoemListView.swift in Sources */,
				70685E432B66453E001EB657 /* KuralHomeView.swift in Sources */,
				7058F2782BB0920600D957B0 /* NaaladiyarCategoryView.swift in Sources */,
				701BFAD62C33B1C2008D2805 /* CategoryViewModel.swift in Sources */,
				702240562B69653C00EF072B /* WrapView.swift in Sources */,
				7093B6682C3987FC00D38548 /* Poem+CoreDataClass.swift in Sources */,
				7093B6692C3987FC00D38548 /* Poem+CoreDataProperties.swift in Sources */,
				7093B66A2C3987FC00D38548 /* Book+CoreDataClass.swift in Sources */,
				7093B66B2C3987FC00D38548 /* Book+CoreDataProperties.swift in Sources */,
				7093B66C2C3987FC00D38548 /* Section+CoreDataClass.swift in Sources */,
				7093B66D2C3987FC00D38548 /* Section+CoreDataProperties.swift in Sources */,
				700920042C3BCDFE0049C60C /* PoemListWithCategoryViewModel.swift in Sources */,
				7093B66E2C3987FC00D38548 /* SubCategory+CoreDataClass.swift in Sources */,
				7093B66F2C3987FC00D38548 /* SubCategory+CoreDataProperties.swift in Sources */,
				7093B6702C3987FC00D38548 /* Explanation+CoreDataClass.swift in Sources */,
				7093B6712C3987FC00D38548 /* Explanation+CoreDataProperties.swift in Sources */,
				7093B6722C3987FC00D38548 /* MainCategory+CoreDataClass.swift in Sources */,
				7093B6732C3987FC00D38548 /* MainCategory+CoreDataProperties.swift in Sources */,
				70EAE06D2B663CD800E4930D /* Tamil_LitApp.swift in Sources */,
				700920022C3BC14D0049C60C /* LoadingView.swift in Sources */,
				70E739302C31530000A4CF0E /* PoemListViewModel.swift in Sources */,
				7068D7E12C33DA4200FAB1F6 /* TempHomeView.swift in Sources */,
				7058F26C2BB08CF600D957B0 /* NaaladiyarCategoryModel.swift in Sources */,
				7058F27A2BB0922A00D957B0 /* NaaladiyarDetailView.swift in Sources */,
				70A435762B6911F50019DBEC /* KuralCategoryView.swift in Sources */,
				701621D22B66CBB6003054AF /* AthichudiViewModel.swift in Sources */,
			);
			runOnlyForDeploymentPostprocessing = 0;
		};
/* End PBXSourcesBuildPhase section */

/* Begin XCBuildConfiguration section */
		70EAE0772B663CDA00E4930D /* Debug */ = {
			isa = XCBuildConfiguration;
			buildSettings = {
				ALWAYS_SEARCH_USER_PATHS = NO;
				ASSETCATALOG_COMPILER_GENERATE_SWIFT_ASSET_SYMBOL_EXTENSIONS = YES;
				CLANG_ANALYZER_NONNULL = YES;
				CLANG_ANALYZER_NUMBER_OBJECT_CONVERSION = YES_AGGRESSIVE;
				CLANG_CXX_LANGUAGE_STANDARD = "gnu++20";
				CLANG_ENABLE_MODULES = YES;
				CLANG_ENABLE_OBJC_ARC = YES;
				CLANG_ENABLE_OBJC_WEAK = YES;
				CLANG_WARN_BLOCK_CAPTURE_AUTORELEASING = YES;
				CLANG_WARN_BOOL_CONVERSION = YES;
				CLANG_WARN_COMMA = YES;
				CLANG_WARN_CONSTANT_CONVERSION = YES;
				CLANG_WARN_DEPRECATED_OBJC_IMPLEMENTATIONS = YES;
				CLANG_WARN_DIRECT_OBJC_ISA_USAGE = YES_ERROR;
				CLANG_WARN_DOCUMENTATION_COMMENTS = YES;
				CLANG_WARN_EMPTY_BODY = YES;
				CLANG_WARN_ENUM_CONVERSION = YES;
				CLANG_WARN_INFINITE_RECURSION = YES;
				CLANG_WARN_INT_CONVERSION = YES;
				CLANG_WARN_NON_LITERAL_NULL_CONVERSION = YES;
				CLANG_WARN_OBJC_IMPLICIT_RETAIN_SELF = YES;
				CLANG_WARN_OBJC_LITERAL_CONVERSION = YES;
				CLANG_WARN_OBJC_ROOT_CLASS = YES_ERROR;
				CLANG_WARN_QUOTED_INCLUDE_IN_FRAMEWORK_HEADER = YES;
				CLANG_WARN_RANGE_LOOP_ANALYSIS = YES;
				CLANG_WARN_STRICT_PROTOTYPES = YES;
				CLANG_WARN_SUSPICIOUS_MOVE = YES;
				CLANG_WARN_UNGUARDED_AVAILABILITY = YES_AGGRESSIVE;
				CLANG_WARN_UNREACHABLE_CODE = YES;
				CLANG_WARN__DUPLICATE_METHOD_MATCH = YES;
				COPY_PHASE_STRIP = NO;
				DEBUG_INFORMATION_FORMAT = dwarf;
				ENABLE_STRICT_OBJC_MSGSEND = YES;
				ENABLE_TESTABILITY = YES;
				ENABLE_USER_SCRIPT_SANDBOXING = YES;
				GCC_C_LANGUAGE_STANDARD = gnu17;
				GCC_DYNAMIC_NO_PIC = NO;
				GCC_NO_COMMON_BLOCKS = YES;
				GCC_OPTIMIZATION_LEVEL = 0;
				GCC_PREPROCESSOR_DEFINITIONS = (
					"DEBUG=1",
					"$(inherited)",
				);
				GCC_WARN_64_TO_32_BIT_CONVERSION = YES;
				GCC_WARN_ABOUT_RETURN_TYPE = YES_ERROR;
				GCC_WARN_UNDECLARED_SELECTOR = YES;
				GCC_WARN_UNINITIALIZED_AUTOS = YES_AGGRESSIVE;
				GCC_WARN_UNUSED_FUNCTION = YES;
				GCC_WARN_UNUSED_VARIABLE = YES;
				IPHONEOS_DEPLOYMENT_TARGET = 17.2;
				LOCALIZATION_PREFERS_STRING_CATALOGS = YES;
				MTL_ENABLE_DEBUG_INFO = INCLUDE_SOURCE;
				MTL_FAST_MATH = YES;
				ONLY_ACTIVE_ARCH = YES;
				SDKROOT = iphoneos;
				SWIFT_ACTIVE_COMPILATION_CONDITIONS = "DEBUG $(inherited)";
				SWIFT_OPTIMIZATION_LEVEL = "-Onone";
			};
			name = Debug;
		};
		70EAE0782B663CDA00E4930D /* Release */ = {
			isa = XCBuildConfiguration;
			buildSettings = {
				ALWAYS_SEARCH_USER_PATHS = NO;
				ASSETCATALOG_COMPILER_GENERATE_SWIFT_ASSET_SYMBOL_EXTENSIONS = YES;
				CLANG_ANALYZER_NONNULL = YES;
				CLANG_ANALYZER_NUMBER_OBJECT_CONVERSION = YES_AGGRESSIVE;
				CLANG_CXX_LANGUAGE_STANDARD = "gnu++20";
				CLANG_ENABLE_MODULES = YES;
				CLANG_ENABLE_OBJC_ARC = YES;
				CLANG_ENABLE_OBJC_WEAK = YES;
				CLANG_WARN_BLOCK_CAPTURE_AUTORELEASING = YES;
				CLANG_WARN_BOOL_CONVERSION = YES;
				CLANG_WARN_COMMA = YES;
				CLANG_WARN_CONSTANT_CONVERSION = YES;
				CLANG_WARN_DEPRECATED_OBJC_IMPLEMENTATIONS = YES;
				CLANG_WARN_DIRECT_OBJC_ISA_USAGE = YES_ERROR;
				CLANG_WARN_DOCUMENTATION_COMMENTS = YES;
				CLANG_WARN_EMPTY_BODY = YES;
				CLANG_WARN_ENUM_CONVERSION = YES;
				CLANG_WARN_INFINITE_RECURSION = YES;
				CLANG_WARN_INT_CONVERSION = YES;
				CLANG_WARN_NON_LITERAL_NULL_CONVERSION = YES;
				CLANG_WARN_OBJC_IMPLICIT_RETAIN_SELF = YES;
				CLANG_WARN_OBJC_LITERAL_CONVERSION = YES;
				CLANG_WARN_OBJC_ROOT_CLASS = YES_ERROR;
				CLANG_WARN_QUOTED_INCLUDE_IN_FRAMEWORK_HEADER = YES;
				CLANG_WARN_RANGE_LOOP_ANALYSIS = YES;
				CLANG_WARN_STRICT_PROTOTYPES = YES;
				CLANG_WARN_SUSPICIOUS_MOVE = YES;
				CLANG_WARN_UNGUARDED_AVAILABILITY = YES_AGGRESSIVE;
				CLANG_WARN_UNREACHABLE_CODE = YES;
				CLANG_WARN__DUPLICATE_METHOD_MATCH = YES;
				COPY_PHASE_STRIP = NO;
				DEBUG_INFORMATION_FORMAT = "dwarf-with-dsym";
				ENABLE_NS_ASSERTIONS = NO;
				ENABLE_STRICT_OBJC_MSGSEND = YES;
				ENABLE_USER_SCRIPT_SANDBOXING = YES;
				GCC_C_LANGUAGE_STANDARD = gnu17;
				GCC_NO_COMMON_BLOCKS = YES;
				GCC_WARN_64_TO_32_BIT_CONVERSION = YES;
				GCC_WARN_ABOUT_RETURN_TYPE = YES_ERROR;
				GCC_WARN_UNDECLARED_SELECTOR = YES;
				GCC_WARN_UNINITIALIZED_AUTOS = YES_AGGRESSIVE;
				GCC_WARN_UNUSED_FUNCTION = YES;
				GCC_WARN_UNUSED_VARIABLE = YES;
				IPHONEOS_DEPLOYMENT_TARGET = 17.2;
				LOCALIZATION_PREFERS_STRING_CATALOGS = YES;
				MTL_ENABLE_DEBUG_INFO = NO;
				MTL_FAST_MATH = YES;
				SDKROOT = iphoneos;
				SWIFT_COMPILATION_MODE = wholemodule;
				VALIDATE_PRODUCT = YES;
			};
			name = Release;
		};
		70EAE07A2B663CDA00E4930D /* Debug */ = {
			isa = XCBuildConfiguration;
			buildSettings = {
				ASSETCATALOG_COMPILER_APPICON_NAME = AppIcon;
				ASSETCATALOG_COMPILER_GLOBAL_ACCENT_COLOR_NAME = AccentColor;
				CODE_SIGN_STYLE = Automatic;
				CURRENT_PROJECT_VERSION = 1;
				DEVELOPMENT_ASSET_PATHS = "\"Tamil Lit/Preview Content\"";
				DEVELOPMENT_TEAM = G6KL98HCPY;
				ENABLE_PREVIEWS = YES;
				GENERATE_INFOPLIST_FILE = YES;
				INFOPLIST_KEY_UIApplicationSceneManifest_Generation = YES;
				INFOPLIST_KEY_UIApplicationSupportsIndirectInputEvents = YES;
				INFOPLIST_KEY_UILaunchScreen_Generation = YES;
				INFOPLIST_KEY_UISupportedInterfaceOrientations_iPad = "UIInterfaceOrientationPortrait UIInterfaceOrientationPortraitUpsideDown UIInterfaceOrientationLandscapeLeft UIInterfaceOrientationLandscapeRight";
				INFOPLIST_KEY_UISupportedInterfaceOrientations_iPhone = "UIInterfaceOrientationPortrait UIInterfaceOrientationLandscapeLeft UIInterfaceOrientationLandscapeRight";
				LD_RUNPATH_SEARCH_PATHS = (
					"$(inherited)",
					"@executable_path/Frameworks",
				);
				MARKETING_VERSION = 1.0;
				PRODUCT_BUNDLE_IDENTIFIER = "in.selvarajan.Tamil-Lit";
				PRODUCT_NAME = "$(TARGET_NAME)";
				SWIFT_EMIT_LOC_STRINGS = YES;
				SWIFT_VERSION = 5.0;
				TARGETED_DEVICE_FAMILY = "1,2";
			};
			name = Debug;
		};
		70EAE07B2B663CDA00E4930D /* Release */ = {
			isa = XCBuildConfiguration;
			buildSettings = {
				ASSETCATALOG_COMPILER_APPICON_NAME = AppIcon;
				ASSETCATALOG_COMPILER_GLOBAL_ACCENT_COLOR_NAME = AccentColor;
				CODE_SIGN_STYLE = Automatic;
				CURRENT_PROJECT_VERSION = 1;
				DEVELOPMENT_ASSET_PATHS = "\"Tamil Lit/Preview Content\"";
				DEVELOPMENT_TEAM = G6KL98HCPY;
				ENABLE_PREVIEWS = YES;
				GENERATE_INFOPLIST_FILE = YES;
				INFOPLIST_KEY_UIApplicationSceneManifest_Generation = YES;
				INFOPLIST_KEY_UIApplicationSupportsIndirectInputEvents = YES;
				INFOPLIST_KEY_UILaunchScreen_Generation = YES;
				INFOPLIST_KEY_UISupportedInterfaceOrientations_iPad = "UIInterfaceOrientationPortrait UIInterfaceOrientationPortraitUpsideDown UIInterfaceOrientationLandscapeLeft UIInterfaceOrientationLandscapeRight";
				INFOPLIST_KEY_UISupportedInterfaceOrientations_iPhone = "UIInterfaceOrientationPortrait UIInterfaceOrientationLandscapeLeft UIInterfaceOrientationLandscapeRight";
				LD_RUNPATH_SEARCH_PATHS = (
					"$(inherited)",
					"@executable_path/Frameworks",
				);
				MARKETING_VERSION = 1.0;
				PRODUCT_BUNDLE_IDENTIFIER = "in.selvarajan.Tamil-Lit";
				PRODUCT_NAME = "$(TARGET_NAME)";
				SWIFT_EMIT_LOC_STRINGS = YES;
				SWIFT_VERSION = 5.0;
				TARGETED_DEVICE_FAMILY = "1,2";
			};
			name = Release;
		};
/* End XCBuildConfiguration section */

/* Begin XCConfigurationList section */
		70EAE0642B663CD800E4930D /* Build configuration list for PBXProject "Tamil Lit" */ = {
			isa = XCConfigurationList;
			buildConfigurations = (
				70EAE0772B663CDA00E4930D /* Debug */,
				70EAE0782B663CDA00E4930D /* Release */,
			);
			defaultConfigurationIsVisible = 0;
			defaultConfigurationName = Release;
		};
		70EAE0792B663CDA00E4930D /* Build configuration list for PBXNativeTarget "Tamil Lit" */ = {
			isa = XCConfigurationList;
			buildConfigurations = (
				70EAE07A2B663CDA00E4930D /* Debug */,
				70EAE07B2B663CDA00E4930D /* Release */,
			);
			defaultConfigurationIsVisible = 0;
			defaultConfigurationName = Release;
		};
/* End XCConfigurationList section */

/* Begin XCVersionGroup section */
		70E729802C230C7D00DE5977 /* TamilLitDB.xcdatamodeld */ = {
			isa = XCVersionGroup;
			children = (
				70E729812C230C7D00DE5977 /* TamilLitDB.xcdatamodel */,
			);
			currentVersion = 70E729812C230C7D00DE5977 /* TamilLitDB.xcdatamodel */;
			path = TamilLitDB.xcdatamodeld;
			sourceTree = "<group>";
			versionGroupType = wrapper.xcdatamodel;
		};
/* End XCVersionGroup section */
	};
	rootObject = 70EAE0612B663CD800E4930D /* Project object */;
}
